// !$*UTF8*$!
{
	archiveVersion = 1;
	classes = {
	};
	objectVersion = 55;
	objects = {

/* Begin PBXBuildFile section */
		1A08895B27EFC9ED00F645F3 /* ResponseTests.swift in Sources */ = {isa = PBXBuildFile; fileRef = 1A08895A27EFC9ED00F645F3 /* ResponseTests.swift */; };
		1A10623C27DF460100C04C09 /* AppDelegate.swift in Sources */ = {isa = PBXBuildFile; fileRef = 1A10623B27DF460100C04C09 /* AppDelegate.swift */; };
		1A10623E27DF460100C04C09 /* SceneDelegate.swift in Sources */ = {isa = PBXBuildFile; fileRef = 1A10623D27DF460100C04C09 /* SceneDelegate.swift */; };
		1A10624527DF460200C04C09 /* Assets.xcassets in Resources */ = {isa = PBXBuildFile; fileRef = 1A10624427DF460200C04C09 /* Assets.xcassets */; };
		1A10624827DF460200C04C09 /* LaunchScreen.storyboard in Resources */ = {isa = PBXBuildFile; fileRef = 1A10624627DF460200C04C09 /* LaunchScreen.storyboard */; };
		1A10625327DF460200C04C09 /* GBShopTests.swift in Sources */ = {isa = PBXBuildFile; fileRef = 1A10625227DF460200C04C09 /* GBShopTests.swift */; };
		1A10625D27DF460200C04C09 /* GBShopUITests.swift in Sources */ = {isa = PBXBuildFile; fileRef = 1A10625C27DF460200C04C09 /* GBShopUITests.swift */; };
		1A10625F27DF460200C04C09 /* GBShopUITestsLaunchTests.swift in Sources */ = {isa = PBXBuildFile; fileRef = 1A10625E27DF460200C04C09 /* GBShopUITestsLaunchTests.swift */; };
		1A15337E28039498002ACCE8 /* Product.swift in Sources */ = {isa = PBXBuildFile; fileRef = 1A15337D28039498002ACCE8 /* Product.swift */; };
		1A15338028039A80002ACCE8 /* ProductRequestFactory.swift in Sources */ = {isa = PBXBuildFile; fileRef = 1A15337F28039A80002ACCE8 /* ProductRequestFactory.swift */; };
		1A15338228048ECB002ACCE8 /* CatalogRequestFactory.swift in Sources */ = {isa = PBXBuildFile; fileRef = 1A15338128048ECB002ACCE8 /* CatalogRequestFactory.swift */; };
		1A1B49D727E38F6600ED11BB /* AbstractErrorParser.swift in Sources */ = {isa = PBXBuildFile; fileRef = 1A1B49D627E38F6600ED11BB /* AbstractErrorParser.swift */; };
		1A1B49D927E3901500ED11BB /* ErrorParser.swift in Sources */ = {isa = PBXBuildFile; fileRef = 1A1B49D827E3901500ED11BB /* ErrorParser.swift */; };
		1A1B49DC27E3919100ED11BB /* Alamofire in Frameworks */ = {isa = PBXBuildFile; productRef = 1A1B49DB27E3919100ED11BB /* Alamofire */; };
		1A1B49DE27E391B500ED11BB /* DataRequest.swift in Sources */ = {isa = PBXBuildFile; fileRef = 1A1B49DD27E391B500ED11BB /* DataRequest.swift */; };
		1A527AF927E780C7006A17F4 /* AbstractRequestFactory.swift in Sources */ = {isa = PBXBuildFile; fileRef = 1A527AF827E780C7006A17F4 /* AbstractRequestFactory.swift */; };
		1A527AFD27E780F9006A17F4 /* RequestRouter.swift in Sources */ = {isa = PBXBuildFile; fileRef = 1A527AFC27E780F9006A17F4 /* RequestRouter.swift */; };
		1A527B0027E7812A006A17F4 /* AuthRequestFactory.swift in Sources */ = {isa = PBXBuildFile; fileRef = 1A527AFF27E7812A006A17F4 /* AuthRequestFactory.swift */; };
		1A527B0227E78133006A17F4 /* CommonRequest.swift in Sources */ = {isa = PBXBuildFile; fileRef = 1A527B0127E78133006A17F4 /* CommonRequest.swift */; };
		1A527B0427E7813F006A17F4 /* RequestFactory.swift in Sources */ = {isa = PBXBuildFile; fileRef = 1A527B0327E7813F006A17F4 /* RequestFactory.swift */; };
		1A527B0627E7815B006A17F4 /* ResponseResult.swift in Sources */ = {isa = PBXBuildFile; fileRef = 1A527B0527E7815B006A17F4 /* ResponseResult.swift */; };
		1A527B0827E78161006A17F4 /* User.swift in Sources */ = {isa = PBXBuildFile; fileRef = 1A527B0727E78161006A17F4 /* User.swift */; };
		1A92759127ECF8D900D3296B /* RegisterUserRequestFactory.swift in Sources */ = {isa = PBXBuildFile; fileRef = 1A92759027ECF8D900D3296B /* RegisterUserRequestFactory.swift */; };
		1A92759327ECF92A00D3296B /* LogoutRequestFactory.swift in Sources */ = {isa = PBXBuildFile; fileRef = 1A92759227ECF92A00D3296B /* LogoutRequestFactory.swift */; };
		1A92759527ECFB1A00D3296B /* ChangeUserDataRequestFactory.swift in Sources */ = {isa = PBXBuildFile; fileRef = 1A92759427ECFB1A00D3296B /* ChangeUserDataRequestFactory.swift */; };
/* End PBXBuildFile section */

/* Begin PBXContainerItemProxy section */
		1A10624F27DF460200C04C09 /* PBXContainerItemProxy */ = {
			isa = PBXContainerItemProxy;
			containerPortal = 1A10623027DF460100C04C09 /* Project object */;
			proxyType = 1;
			remoteGlobalIDString = 1A10623727DF460100C04C09;
			remoteInfo = GBShop;
		};
		1A10625927DF460200C04C09 /* PBXContainerItemProxy */ = {
			isa = PBXContainerItemProxy;
			containerPortal = 1A10623027DF460100C04C09 /* Project object */;
			proxyType = 1;
			remoteGlobalIDString = 1A10623727DF460100C04C09;
			remoteInfo = GBShop;
		};
/* End PBXContainerItemProxy section */

/* Begin PBXFileReference section */
		1A08895A27EFC9ED00F645F3 /* ResponseTests.swift */ = {isa = PBXFileReference; lastKnownFileType = sourcecode.swift; path = ResponseTests.swift; sourceTree = "<group>"; };
		1A10623827DF460100C04C09 /* GBShop.app */ = {isa = PBXFileReference; explicitFileType = wrapper.application; includeInIndex = 0; path = GBShop.app; sourceTree = BUILT_PRODUCTS_DIR; };
		1A10623B27DF460100C04C09 /* AppDelegate.swift */ = {isa = PBXFileReference; lastKnownFileType = sourcecode.swift; path = AppDelegate.swift; sourceTree = "<group>"; };
		1A10623D27DF460100C04C09 /* SceneDelegate.swift */ = {isa = PBXFileReference; lastKnownFileType = sourcecode.swift; path = SceneDelegate.swift; sourceTree = "<group>"; };
		1A10624427DF460200C04C09 /* Assets.xcassets */ = {isa = PBXFileReference; lastKnownFileType = folder.assetcatalog; path = Assets.xcassets; sourceTree = "<group>"; };
		1A10624727DF460200C04C09 /* Base */ = {isa = PBXFileReference; lastKnownFileType = file.storyboard; name = Base; path = Base.lproj/LaunchScreen.storyboard; sourceTree = "<group>"; };
		1A10624927DF460200C04C09 /* Info.plist */ = {isa = PBXFileReference; lastKnownFileType = text.plist.xml; path = Info.plist; sourceTree = "<group>"; };
		1A10624E27DF460200C04C09 /* GBShopTests.xctest */ = {isa = PBXFileReference; explicitFileType = wrapper.cfbundle; includeInIndex = 0; path = GBShopTests.xctest; sourceTree = BUILT_PRODUCTS_DIR; };
		1A10625227DF460200C04C09 /* GBShopTests.swift */ = {isa = PBXFileReference; lastKnownFileType = sourcecode.swift; path = GBShopTests.swift; sourceTree = "<group>"; };
		1A10625827DF460200C04C09 /* GBShopUITests.xctest */ = {isa = PBXFileReference; explicitFileType = wrapper.cfbundle; includeInIndex = 0; path = GBShopUITests.xctest; sourceTree = BUILT_PRODUCTS_DIR; };
		1A10625C27DF460200C04C09 /* GBShopUITests.swift */ = {isa = PBXFileReference; lastKnownFileType = sourcecode.swift; path = GBShopUITests.swift; sourceTree = "<group>"; };
		1A10625E27DF460200C04C09 /* GBShopUITestsLaunchTests.swift */ = {isa = PBXFileReference; lastKnownFileType = sourcecode.swift; path = GBShopUITestsLaunchTests.swift; sourceTree = "<group>"; };
		1A15337D28039498002ACCE8 /* Product.swift */ = {isa = PBXFileReference; lastKnownFileType = sourcecode.swift; path = Product.swift; sourceTree = "<group>"; };
		1A15337F28039A80002ACCE8 /* ProductRequestFactory.swift */ = {isa = PBXFileReference; lastKnownFileType = sourcecode.swift; path = ProductRequestFactory.swift; sourceTree = "<group>"; };
		1A15338128048ECB002ACCE8 /* CatalogRequestFactory.swift */ = {isa = PBXFileReference; lastKnownFileType = sourcecode.swift; path = CatalogRequestFactory.swift; sourceTree = "<group>"; };
		1A1B49D627E38F6600ED11BB /* AbstractErrorParser.swift */ = {isa = PBXFileReference; lastKnownFileType = sourcecode.swift; path = AbstractErrorParser.swift; sourceTree = "<group>"; };
		1A1B49D827E3901500ED11BB /* ErrorParser.swift */ = {isa = PBXFileReference; lastKnownFileType = sourcecode.swift; path = ErrorParser.swift; sourceTree = "<group>"; };
		1A1B49DD27E391B500ED11BB /* DataRequest.swift */ = {isa = PBXFileReference; lastKnownFileType = sourcecode.swift; path = DataRequest.swift; sourceTree = "<group>"; };
		1A527AF827E780C7006A17F4 /* AbstractRequestFactory.swift */ = {isa = PBXFileReference; lastKnownFileType = sourcecode.swift; path = AbstractRequestFactory.swift; sourceTree = "<group>"; };
		1A527AFC27E780F9006A17F4 /* RequestRouter.swift */ = {isa = PBXFileReference; lastKnownFileType = sourcecode.swift; path = RequestRouter.swift; sourceTree = "<group>"; };
		1A527AFF27E7812A006A17F4 /* AuthRequestFactory.swift */ = {isa = PBXFileReference; lastKnownFileType = sourcecode.swift; path = AuthRequestFactory.swift; sourceTree = "<group>"; };
		1A527B0127E78133006A17F4 /* CommonRequest.swift */ = {isa = PBXFileReference; lastKnownFileType = sourcecode.swift; path = CommonRequest.swift; sourceTree = "<group>"; };
		1A527B0327E7813F006A17F4 /* RequestFactory.swift */ = {isa = PBXFileReference; lastKnownFileType = sourcecode.swift; path = RequestFactory.swift; sourceTree = "<group>"; };
		1A527B0527E7815B006A17F4 /* ResponseResult.swift */ = {isa = PBXFileReference; lastKnownFileType = sourcecode.swift; path = ResponseResult.swift; sourceTree = "<group>"; };
		1A527B0727E78161006A17F4 /* User.swift */ = {isa = PBXFileReference; lastKnownFileType = sourcecode.swift; path = User.swift; sourceTree = "<group>"; };
		1A92759027ECF8D900D3296B /* RegisterUserRequestFactory.swift */ = {isa = PBXFileReference; lastKnownFileType = sourcecode.swift; path = RegisterUserRequestFactory.swift; sourceTree = "<group>"; };
		1A92759227ECF92A00D3296B /* LogoutRequestFactory.swift */ = {isa = PBXFileReference; lastKnownFileType = sourcecode.swift; path = LogoutRequestFactory.swift; sourceTree = "<group>"; };
		1A92759427ECFB1A00D3296B /* ChangeUserDataRequestFactory.swift */ = {isa = PBXFileReference; lastKnownFileType = sourcecode.swift; path = ChangeUserDataRequestFactory.swift; sourceTree = "<group>"; };
/* End PBXFileReference section */

/* Begin PBXFrameworksBuildPhase section */
		1A10623527DF460100C04C09 /* Frameworks */ = {
			isa = PBXFrameworksBuildPhase;
			buildActionMask = 2147483647;
			files = (
				1A1B49DC27E3919100ED11BB /* Alamofire in Frameworks */,
			);
			runOnlyForDeploymentPostprocessing = 0;
		};
		1A10624B27DF460200C04C09 /* Frameworks */ = {
			isa = PBXFrameworksBuildPhase;
			buildActionMask = 2147483647;
			files = (
			);
			runOnlyForDeploymentPostprocessing = 0;
		};
		1A10625527DF460200C04C09 /* Frameworks */ = {
			isa = PBXFrameworksBuildPhase;
			buildActionMask = 2147483647;
			files = (
			);
			runOnlyForDeploymentPostprocessing = 0;
		};
/* End PBXFrameworksBuildPhase section */

/* Begin PBXGroup section */
		1A10622F27DF460100C04C09 = {
			isa = PBXGroup;
			children = (
				1A10623A27DF460100C04C09 /* GBShop */,
				1A10625127DF460200C04C09 /* GBShopTests */,
				1A10625B27DF460200C04C09 /* GBShopUITests */,
				1A10623927DF460100C04C09 /* Products */,
			);
			sourceTree = "<group>";
		};
		1A10623927DF460100C04C09 /* Products */ = {
			isa = PBXGroup;
			children = (
				1A10623827DF460100C04C09 /* GBShop.app */,
				1A10624E27DF460200C04C09 /* GBShopTests.xctest */,
				1A10625827DF460200C04C09 /* GBShopUITests.xctest */,
			);
			name = Products;
			sourceTree = "<group>";
		};
		1A10623A27DF460100C04C09 /* GBShop */ = {
			isa = PBXGroup;
			children = (
				1A10626B27DF494C00C04C09 /* App */,
				1A10626D27DF496000C04C09 /* Entity */,
				1A10627027DF497600C04C09 /* Core */,
				1A10627127DF498700C04C09 /* Resources */,
				1A10627227DF498D00C04C09 /* Environments */,
			);
			path = GBShop;
			sourceTree = "<group>";
		};
		1A10625127DF460200C04C09 /* GBShopTests */ = {
			isa = PBXGroup;
			children = (
				1A10625227DF460200C04C09 /* GBShopTests.swift */,
				1A08895A27EFC9ED00F645F3 /* ResponseTests.swift */,
			);
			path = GBShopTests;
			sourceTree = "<group>";
		};
		1A10625B27DF460200C04C09 /* GBShopUITests */ = {
			isa = PBXGroup;
			children = (
				1A10625C27DF460200C04C09 /* GBShopUITests.swift */,
				1A10625E27DF460200C04C09 /* GBShopUITestsLaunchTests.swift */,
			);
			path = GBShopUITests;
			sourceTree = "<group>";
		};
		1A10626B27DF494C00C04C09 /* App */ = {
			isa = PBXGroup;
			children = (
				1A10623B27DF460100C04C09 /* AppDelegate.swift */,
				1A10623D27DF460100C04C09 /* SceneDelegate.swift */,
				1A10626F27DF496D00C04C09 /* Flows */,
				1A10626E27DF496600C04C09 /* Assembly */,
				1A10626C27DF495300C04C09 /* BusinessLogic */,
			);
			path = App;
			sourceTree = "<group>";
		};
		1A10626C27DF495300C04C09 /* BusinessLogic */ = {
			isa = PBXGroup;
			children = (
				1A527AFE27E7811A006A17F4 /* Network */,
			);
			path = BusinessLogic;
			sourceTree = "<group>";
		};
		1A10626D27DF496000C04C09 /* Entity */ = {
			isa = PBXGroup;
			children = (
				1A527B0527E7815B006A17F4 /* ResponseResult.swift */,
				1A527B0727E78161006A17F4 /* User.swift */,
				1A15337D28039498002ACCE8 /* Product.swift */,
			);
			path = Entity;
			sourceTree = "<group>";
		};
		1A10626E27DF496600C04C09 /* Assembly */ = {
			isa = PBXGroup;
			children = (
			);
			path = Assembly;
			sourceTree = "<group>";
		};
		1A10626F27DF496D00C04C09 /* Flows */ = {
			isa = PBXGroup;
			children = (
			);
			path = Flows;
			sourceTree = "<group>";
		};
		1A10627027DF497600C04C09 /* Core */ = {
			isa = PBXGroup;
			children = (
				1A1B49D527E3814500ED11BB /* Network */,
			);
			path = Core;
			sourceTree = "<group>";
		};
		1A10627127DF498700C04C09 /* Resources */ = {
			isa = PBXGroup;
			children = (
				1A10624427DF460200C04C09 /* Assets.xcassets */,
				1A10624627DF460200C04C09 /* LaunchScreen.storyboard */,
			);
			path = Resources;
			sourceTree = "<group>";
		};
		1A10627227DF498D00C04C09 /* Environments */ = {
			isa = PBXGroup;
			children = (
				1A10624927DF460200C04C09 /* Info.plist */,
			);
			path = Environments;
			sourceTree = "<group>";
		};
		1A1B49D527E3814500ED11BB /* Network */ = {
			isa = PBXGroup;
			children = (
				1A1B49D627E38F6600ED11BB /* AbstractErrorParser.swift */,
				1A527AF827E780C7006A17F4 /* AbstractRequestFactory.swift */,
				1A1B49DD27E391B500ED11BB /* DataRequest.swift */,
				1A1B49D827E3901500ED11BB /* ErrorParser.swift */,
				1A527AFC27E780F9006A17F4 /* RequestRouter.swift */,
			);
			path = Network;
			sourceTree = "<group>";
		};
		1A527AFE27E7811A006A17F4 /* Network */ = {
			isa = PBXGroup;
			children = (
				1A527B0127E78133006A17F4 /* CommonRequest.swift */,
				1A527B0327E7813F006A17F4 /* RequestFactory.swift */,
				1A527AFF27E7812A006A17F4 /* AuthRequestFactory.swift */,
				1A92759027ECF8D900D3296B /* RegisterUserRequestFactory.swift */,
				1A92759227ECF92A00D3296B /* LogoutRequestFactory.swift */,
				1A92759427ECFB1A00D3296B /* ChangeUserDataRequestFactory.swift */,
				1A15337F28039A80002ACCE8 /* ProductRequestFactory.swift */,
				1A15338128048ECB002ACCE8 /* CatalogRequestFactory.swift */,
			);
			path = Network;
			sourceTree = "<group>";
		};
/* End PBXGroup section */

/* Begin PBXNativeTarget section */
		1A10623727DF460100C04C09 /* GBShop */ = {
			isa = PBXNativeTarget;
			buildConfigurationList = 1A10626227DF460200C04C09 /* Build configuration list for PBXNativeTarget "GBShop" */;
			buildPhases = (
				1A10623427DF460100C04C09 /* Sources */,
				1A10623527DF460100C04C09 /* Frameworks */,
				1A10623627DF460100C04C09 /* Resources */,
			);
			buildRules = (
			);
			dependencies = (
			);
			name = GBShop;
			packageProductDependencies = (
				1A1B49DB27E3919100ED11BB /* Alamofire */,
			);
			productName = GBShop;
			productReference = 1A10623827DF460100C04C09 /* GBShop.app */;
			productType = "com.apple.product-type.application";
		};
		1A10624D27DF460200C04C09 /* GBShopTests */ = {
			isa = PBXNativeTarget;
			buildConfigurationList = 1A10626527DF460200C04C09 /* Build configuration list for PBXNativeTarget "GBShopTests" */;
			buildPhases = (
				1A10624A27DF460200C04C09 /* Sources */,
				1A10624B27DF460200C04C09 /* Frameworks */,
				1A10624C27DF460200C04C09 /* Resources */,
			);
			buildRules = (
			);
			dependencies = (
				1A10625027DF460200C04C09 /* PBXTargetDependency */,
			);
			name = GBShopTests;
			productName = GBShopTests;
			productReference = 1A10624E27DF460200C04C09 /* GBShopTests.xctest */;
			productType = "com.apple.product-type.bundle.unit-test";
		};
		1A10625727DF460200C04C09 /* GBShopUITests */ = {
			isa = PBXNativeTarget;
			buildConfigurationList = 1A10626827DF460200C04C09 /* Build configuration list for PBXNativeTarget "GBShopUITests" */;
			buildPhases = (
				1A10625427DF460200C04C09 /* Sources */,
				1A10625527DF460200C04C09 /* Frameworks */,
				1A10625627DF460200C04C09 /* Resources */,
			);
			buildRules = (
			);
			dependencies = (
				1A10625A27DF460200C04C09 /* PBXTargetDependency */,
			);
			name = GBShopUITests;
			productName = GBShopUITests;
			productReference = 1A10625827DF460200C04C09 /* GBShopUITests.xctest */;
			productType = "com.apple.product-type.bundle.ui-testing";
		};
/* End PBXNativeTarget section */

/* Begin PBXProject section */
		1A10623027DF460100C04C09 /* Project object */ = {
			isa = PBXProject;
			attributes = {
				BuildIndependentTargetsInParallel = 1;
				LastSwiftUpdateCheck = 1320;
				LastUpgradeCheck = 1320;
				TargetAttributes = {
					1A10623727DF460100C04C09 = {
						CreatedOnToolsVersion = 13.2.1;
					};
					1A10624D27DF460200C04C09 = {
						CreatedOnToolsVersion = 13.2.1;
						TestTargetID = 1A10623727DF460100C04C09;
					};
					1A10625727DF460200C04C09 = {
						CreatedOnToolsVersion = 13.2.1;
						TestTargetID = 1A10623727DF460100C04C09;
					};
				};
			};
			buildConfigurationList = 1A10623327DF460100C04C09 /* Build configuration list for PBXProject "GBShop" */;
			compatibilityVersion = "Xcode 13.0";
			developmentRegion = en;
			hasScannedForEncodings = 0;
			knownRegions = (
				en,
				Base,
			);
			mainGroup = 1A10622F27DF460100C04C09;
			packageReferences = (
				1A1B49DA27E3919100ED11BB /* XCRemoteSwiftPackageReference "Alamofire" */,
			);
			productRefGroup = 1A10623927DF460100C04C09 /* Products */;
			projectDirPath = "";
			projectRoot = "";
			targets = (
				1A10623727DF460100C04C09 /* GBShop */,
				1A10624D27DF460200C04C09 /* GBShopTests */,
				1A10625727DF460200C04C09 /* GBShopUITests */,
			);
		};
/* End PBXProject section */

/* Begin PBXResourcesBuildPhase section */
		1A10623627DF460100C04C09 /* Resources */ = {
			isa = PBXResourcesBuildPhase;
			buildActionMask = 2147483647;
			files = (
				1A10624827DF460200C04C09 /* LaunchScreen.storyboard in Resources */,
				1A10624527DF460200C04C09 /* Assets.xcassets in Resources */,
			);
			runOnlyForDeploymentPostprocessing = 0;
		};
		1A10624C27DF460200C04C09 /* Resources */ = {
			isa = PBXResourcesBuildPhase;
			buildActionMask = 2147483647;
			files = (
			);
			runOnlyForDeploymentPostprocessing = 0;
		};
		1A10625627DF460200C04C09 /* Resources */ = {
			isa = PBXResourcesBuildPhase;
			buildActionMask = 2147483647;
			files = (
			);
			runOnlyForDeploymentPostprocessing = 0;
		};
/* End PBXResourcesBuildPhase section */

/* Begin PBXSourcesBuildPhase section */
		1A10623427DF460100C04C09 /* Sources */ = {
			isa = PBXSourcesBuildPhase;
			buildActionMask = 2147483647;
			files = (
				1A92759527ECFB1A00D3296B /* ChangeUserDataRequestFactory.swift in Sources */,
				1A15337E28039498002ACCE8 /* Product.swift in Sources */,
				1A15338228048ECB002ACCE8 /* CatalogRequestFactory.swift in Sources */,
				1A92759327ECF92A00D3296B /* LogoutRequestFactory.swift in Sources */,
				1A527B0827E78161006A17F4 /* User.swift in Sources */,
				1A527B0627E7815B006A17F4 /* ResponseResult.swift in Sources */,
				1A527B0427E7813F006A17F4 /* RequestFactory.swift in Sources */,
				1A527AFD27E780F9006A17F4 /* RequestRouter.swift in Sources */,
				1A1B49D727E38F6600ED11BB /* AbstractErrorParser.swift in Sources */,
				1A1B49DE27E391B500ED11BB /* DataRequest.swift in Sources */,
				1A92759127ECF8D900D3296B /* RegisterUserRequestFactory.swift in Sources */,
				1A10623C27DF460100C04C09 /* AppDelegate.swift in Sources */,
				1A527B0227E78133006A17F4 /* CommonRequest.swift in Sources */,
				1A527B0027E7812A006A17F4 /* AuthRequestFactory.swift in Sources */,
				1A10623E27DF460100C04C09 /* SceneDelegate.swift in Sources */,
				1A527AF927E780C7006A17F4 /* AbstractRequestFactory.swift in Sources */,
				1A1B49D927E3901500ED11BB /* ErrorParser.swift in Sources */,
				1A15338028039A80002ACCE8 /* ProductRequestFactory.swift in Sources */,
			);
			runOnlyForDeploymentPostprocessing = 0;
		};
		1A10624A27DF460200C04C09 /* Sources */ = {
			isa = PBXSourcesBuildPhase;
			buildActionMask = 2147483647;
			files = (
				1A10625327DF460200C04C09 /* GBShopTests.swift in Sources */,
				1A08895B27EFC9ED00F645F3 /* ResponseTests.swift in Sources */,
			);
			runOnlyForDeploymentPostprocessing = 0;
		};
		1A10625427DF460200C04C09 /* Sources */ = {
			isa = PBXSourcesBuildPhase;
			buildActionMask = 2147483647;
			files = (
				1A10625D27DF460200C04C09 /* GBShopUITests.swift in Sources */,
				1A10625F27DF460200C04C09 /* GBShopUITestsLaunchTests.swift in Sources */,
			);
			runOnlyForDeploymentPostprocessing = 0;
		};
/* End PBXSourcesBuildPhase section */

/* Begin PBXTargetDependency section */
		1A10625027DF460200C04C09 /* PBXTargetDependency */ = {
			isa = PBXTargetDependency;
			target = 1A10623727DF460100C04C09 /* GBShop */;
			targetProxy = 1A10624F27DF460200C04C09 /* PBXContainerItemProxy */;
		};
		1A10625A27DF460200C04C09 /* PBXTargetDependency */ = {
			isa = PBXTargetDependency;
			target = 1A10623727DF460100C04C09 /* GBShop */;
			targetProxy = 1A10625927DF460200C04C09 /* PBXContainerItemProxy */;
		};
/* End PBXTargetDependency section */

/* Begin PBXVariantGroup section */
		1A10624627DF460200C04C09 /* LaunchScreen.storyboard */ = {
			isa = PBXVariantGroup;
			children = (
				1A10624727DF460200C04C09 /* Base */,
			);
			name = LaunchScreen.storyboard;
			sourceTree = "<group>";
		};
/* End PBXVariantGroup section */

/* Begin XCBuildConfiguration section */
		1A10626027DF460200C04C09 /* Debug */ = {
			isa = XCBuildConfiguration;
			buildSettings = {
				ALWAYS_SEARCH_USER_PATHS = NO;
				CLANG_ANALYZER_NONNULL = YES;
				CLANG_ANALYZER_NUMBER_OBJECT_CONVERSION = YES_AGGRESSIVE;
				CLANG_CXX_LANGUAGE_STANDARD = "gnu++17";
				CLANG_CXX_LIBRARY = "libc++";
				CLANG_ENABLE_MODULES = YES;
				CLANG_ENABLE_OBJC_ARC = YES;
				CLANG_ENABLE_OBJC_WEAK = YES;
				CLANG_WARN_BLOCK_CAPTURE_AUTORELEASING = YES;
				CLANG_WARN_BOOL_CONVERSION = YES;
				CLANG_WARN_COMMA = YES;
				CLANG_WARN_CONSTANT_CONVERSION = YES;
				CLANG_WARN_DEPRECATED_OBJC_IMPLEMENTATIONS = YES;
				CLANG_WARN_DIRECT_OBJC_ISA_USAGE = YES_ERROR;
				CLANG_WARN_DOCUMENTATION_COMMENTS = YES;
				CLANG_WARN_EMPTY_BODY = YES;
				CLANG_WARN_ENUM_CONVERSION = YES;
				CLANG_WARN_INFINITE_RECURSION = YES;
				CLANG_WARN_INT_CONVERSION = YES;
				CLANG_WARN_NON_LITERAL_NULL_CONVERSION = YES;
				CLANG_WARN_OBJC_IMPLICIT_RETAIN_SELF = YES;
				CLANG_WARN_OBJC_LITERAL_CONVERSION = YES;
				CLANG_WARN_OBJC_ROOT_CLASS = YES_ERROR;
				CLANG_WARN_QUOTED_INCLUDE_IN_FRAMEWORK_HEADER = YES;
				CLANG_WARN_RANGE_LOOP_ANALYSIS = YES;
				CLANG_WARN_STRICT_PROTOTYPES = YES;
				CLANG_WARN_SUSPICIOUS_MOVE = YES;
				CLANG_WARN_UNGUARDED_AVAILABILITY = YES_AGGRESSIVE;
				CLANG_WARN_UNREACHABLE_CODE = YES;
				CLANG_WARN__DUPLICATE_METHOD_MATCH = YES;
				COPY_PHASE_STRIP = NO;
				DEBUG_INFORMATION_FORMAT = dwarf;
				ENABLE_STRICT_OBJC_MSGSEND = YES;
				ENABLE_TESTABILITY = YES;
				GCC_C_LANGUAGE_STANDARD = gnu11;
				GCC_DYNAMIC_NO_PIC = NO;
				GCC_NO_COMMON_BLOCKS = YES;
				GCC_OPTIMIZATION_LEVEL = 0;
				GCC_PREPROCESSOR_DEFINITIONS = (
					"DEBUG=1",
					"$(inherited)",
				);
				GCC_WARN_64_TO_32_BIT_CONVERSION = YES;
				GCC_WARN_ABOUT_RETURN_TYPE = YES_ERROR;
				GCC_WARN_UNDECLARED_SELECTOR = YES;
				GCC_WARN_UNINITIALIZED_AUTOS = YES_AGGRESSIVE;
				GCC_WARN_UNUSED_FUNCTION = YES;
				GCC_WARN_UNUSED_VARIABLE = YES;
				IPHONEOS_DEPLOYMENT_TARGET = 15.2;
				MTL_ENABLE_DEBUG_INFO = INCLUDE_SOURCE;
				MTL_FAST_MATH = YES;
				ONLY_ACTIVE_ARCH = YES;
				SDKROOT = iphoneos;
				SWIFT_ACTIVE_COMPILATION_CONDITIONS = DEBUG;
				SWIFT_OPTIMIZATION_LEVEL = "-Onone";
			};
			name = Debug;
		};
		1A10626127DF460200C04C09 /* Release */ = {
			isa = XCBuildConfiguration;
			buildSettings = {
				ALWAYS_SEARCH_USER_PATHS = NO;
				CLANG_ANALYZER_NONNULL = YES;
				CLANG_ANALYZER_NUMBER_OBJECT_CONVERSION = YES_AGGRESSIVE;
				CLANG_CXX_LANGUAGE_STANDARD = "gnu++17";
				CLANG_CXX_LIBRARY = "libc++";
				CLANG_ENABLE_MODULES = YES;
				CLANG_ENABLE_OBJC_ARC = YES;
				CLANG_ENABLE_OBJC_WEAK = YES;
				CLANG_WARN_BLOCK_CAPTURE_AUTORELEASING = YES;
				CLANG_WARN_BOOL_CONVERSION = YES;
				CLANG_WARN_COMMA = YES;
				CLANG_WARN_CONSTANT_CONVERSION = YES;
				CLANG_WARN_DEPRECATED_OBJC_IMPLEMENTATIONS = YES;
				CLANG_WARN_DIRECT_OBJC_ISA_USAGE = YES_ERROR;
				CLANG_WARN_DOCUMENTATION_COMMENTS = YES;
				CLANG_WARN_EMPTY_BODY = YES;
				CLANG_WARN_ENUM_CONVERSION = YES;
				CLANG_WARN_INFINITE_RECURSION = YES;
				CLANG_WARN_INT_CONVERSION = YES;
				CLANG_WARN_NON_LITERAL_NULL_CONVERSION = YES;
				CLANG_WARN_OBJC_IMPLICIT_RETAIN_SELF = YES;
				CLANG_WARN_OBJC_LITERAL_CONVERSION = YES;
				CLANG_WARN_OBJC_ROOT_CLASS = YES_ERROR;
				CLANG_WARN_QUOTED_INCLUDE_IN_FRAMEWORK_HEADER = YES;
				CLANG_WARN_RANGE_LOOP_ANALYSIS = YES;
				CLANG_WARN_STRICT_PROTOTYPES = YES;
				CLANG_WARN_SUSPICIOUS_MOVE = YES;
				CLANG_WARN_UNGUARDED_AVAILABILITY = YES_AGGRESSIVE;
				CLANG_WARN_UNREACHABLE_CODE = YES;
				CLANG_WARN__DUPLICATE_METHOD_MATCH = YES;
				COPY_PHASE_STRIP = NO;
				DEBUG_INFORMATION_FORMAT = "dwarf-with-dsym";
				ENABLE_NS_ASSERTIONS = NO;
				ENABLE_STRICT_OBJC_MSGSEND = YES;
				GCC_C_LANGUAGE_STANDARD = gnu11;
				GCC_NO_COMMON_BLOCKS = YES;
				GCC_WARN_64_TO_32_BIT_CONVERSION = YES;
				GCC_WARN_ABOUT_RETURN_TYPE = YES_ERROR;
				GCC_WARN_UNDECLARED_SELECTOR = YES;
				GCC_WARN_UNINITIALIZED_AUTOS = YES_AGGRESSIVE;
				GCC_WARN_UNUSED_FUNCTION = YES;
				GCC_WARN_UNUSED_VARIABLE = YES;
				IPHONEOS_DEPLOYMENT_TARGET = 15.2;
				MTL_ENABLE_DEBUG_INFO = NO;
				MTL_FAST_MATH = YES;
				SDKROOT = iphoneos;
				SWIFT_COMPILATION_MODE = wholemodule;
				SWIFT_OPTIMIZATION_LEVEL = "-O";
				VALIDATE_PRODUCT = YES;
			};
			name = Release;
		};
		1A10626327DF460200C04C09 /* Debug */ = {
			isa = XCBuildConfiguration;
			buildSettings = {
				ASSETCATALOG_COMPILER_APPICON_NAME = AppIcon;
				ASSETCATALOG_COMPILER_GLOBAL_ACCENT_COLOR_NAME = AccentColor;
				CODE_SIGN_STYLE = Automatic;
				CURRENT_PROJECT_VERSION = 1;
				DEVELOPMENT_TEAM = 385846QHH8;
				GENERATE_INFOPLIST_FILE = YES;
				INFOPLIST_FILE = GBShop/Info.plist;
				INFOPLIST_KEY_UIApplicationSupportsIndirectInputEvents = YES;
				INFOPLIST_KEY_UILaunchStoryboardName = LaunchScreen;
				INFOPLIST_KEY_UISupportedInterfaceOrientations_iPad = "UIInterfaceOrientationPortrait UIInterfaceOrientationPortraitUpsideDown UIInterfaceOrientationLandscapeLeft UIInterfaceOrientationLandscapeRight";
				INFOPLIST_KEY_UISupportedInterfaceOrientations_iPhone = "UIInterfaceOrientationPortrait UIInterfaceOrientationLandscapeLeft UIInterfaceOrientationLandscapeRight";
				LD_RUNPATH_SEARCH_PATHS = (
					"$(inherited)",
					"@executable_path/Frameworks",
				);
				MARKETING_VERSION = 1.0;
				PRODUCT_BUNDLE_IDENTIFIER = com.yggene.GBShop;
				PRODUCT_NAME = "$(TARGET_NAME)";
				SWIFT_EMIT_LOC_STRINGS = YES;
				SWIFT_VERSION = 5.0;
				TARGETED_DEVICE_FAMILY = "1,2";
			};
			name = Debug;
		};
		1A10626427DF460200C04C09 /* Release */ = {
			isa = XCBuildConfiguration;
			buildSettings = {
				ASSETCATALOG_COMPILER_APPICON_NAME = AppIcon;
				ASSETCATALOG_COMPILER_GLOBAL_ACCENT_COLOR_NAME = AccentColor;
				CODE_SIGN_STYLE = Automatic;
				CURRENT_PROJECT_VERSION = 1;
				DEVELOPMENT_TEAM = 385846QHH8;
				GENERATE_INFOPLIST_FILE = YES;
				INFOPLIST_FILE = GBShop/Info.plist;
				INFOPLIST_KEY_UIApplicationSupportsIndirectInputEvents = YES;
				INFOPLIST_KEY_UILaunchStoryboardName = LaunchScreen;
				INFOPLIST_KEY_UISupportedInterfaceOrientations_iPad = "UIInterfaceOrientationPortrait UIInterfaceOrientationPortraitUpsideDown UIInterfaceOrientationLandscapeLeft UIInterfaceOrientationLandscapeRight";
				INFOPLIST_KEY_UISupportedInterfaceOrientations_iPhone = "UIInterfaceOrientationPortrait UIInterfaceOrientationLandscapeLeft UIInterfaceOrientationLandscapeRight";
				LD_RUNPATH_SEARCH_PATHS = (
					"$(inherited)",
					"@executable_path/Frameworks",
				);
				MARKETING_VERSION = 1.0;
				PRODUCT_BUNDLE_IDENTIFIER = com.yggene.GBShop;
				PRODUCT_NAME = "$(TARGET_NAME)";
				SWIFT_EMIT_LOC_STRINGS = YES;
				SWIFT_VERSION = 5.0;
				TARGETED_DEVICE_FAMILY = "1,2";
			};
			name = Release;
		};
		1A10626627DF460200C04C09 /* Debug */ = {
			isa = XCBuildConfiguration;
			buildSettings = {
				ALWAYS_EMBED_SWIFT_STANDARD_LIBRARIES = YES;
				BUNDLE_LOADER = "$(TEST_HOST)";
				CODE_SIGN_STYLE = Automatic;
				CURRENT_PROJECT_VERSION = 1;
				DEVELOPMENT_TEAM = 385846QHH8;
				GENERATE_INFOPLIST_FILE = YES;
				IPHONEOS_DEPLOYMENT_TARGET = 15.2;
				MARKETING_VERSION = 1.0;
				PRODUCT_BUNDLE_IDENTIFIER = com.yggene.GBShopTests;
				PRODUCT_NAME = "$(TARGET_NAME)";
				SWIFT_EMIT_LOC_STRINGS = NO;
				SWIFT_VERSION = 5.0;
				TARGETED_DEVICE_FAMILY = "1,2";
				TEST_HOST = "$(BUILT_PRODUCTS_DIR)/GBShop.app/GBShop";
			};
			name = Debug;
		};
		1A10626727DF460200C04C09 /* Release */ = {
			isa = XCBuildConfiguration;
			buildSettings = {
				ALWAYS_EMBED_SWIFT_STANDARD_LIBRARIES = YES;
				BUNDLE_LOADER = "$(TEST_HOST)";
				CODE_SIGN_STYLE = Automatic;
				CURRENT_PROJECT_VERSION = 1;
				DEVELOPMENT_TEAM = 385846QHH8;
				GENERATE_INFOPLIST_FILE = YES;
				IPHONEOS_DEPLOYMENT_TARGET = 15.2;
				MARKETING_VERSION = 1.0;
				PRODUCT_BUNDLE_IDENTIFIER = com.yggene.GBShopTests;
				PRODUCT_NAME = "$(TARGET_NAME)";
				SWIFT_EMIT_LOC_STRINGS = NO;
				SWIFT_VERSION = 5.0;
				TARGETED_DEVICE_FAMILY = "1,2";
				TEST_HOST = "$(BUILT_PRODUCTS_DIR)/GBShop.app/GBShop";
			};
			name = Release;
		};
		1A10626927DF460200C04C09 /* Debug */ = {
			isa = XCBuildConfiguration;
			buildSettings = {
				ALWAYS_EMBED_SWIFT_STANDARD_LIBRARIES = YES;
				CODE_SIGN_STYLE = Automatic;
				CURRENT_PROJECT_VERSION = 1;
				DEVELOPMENT_TEAM = 385846QHH8;
				GENERATE_INFOPLIST_FILE = YES;
				MARKETING_VERSION = 1.0;
				PRODUCT_BUNDLE_IDENTIFIER = com.yggene.GBShopUITests;
				PRODUCT_NAME = "$(TARGET_NAME)";
				SWIFT_EMIT_LOC_STRINGS = NO;
				SWIFT_VERSION = 5.0;
				TARGETED_DEVICE_FAMILY = "1,2";
				TEST_TARGET_NAME = GBShop;
			};
			name = Debug;
		};
		1A10626A27DF460200C04C09 /* Release */ = {
			isa = XCBuildConfiguration;
			buildSettings = {
				ALWAYS_EMBED_SWIFT_STANDARD_LIBRARIES = YES;
				CODE_SIGN_STYLE = Automatic;
				CURRENT_PROJECT_VERSION = 1;
				DEVELOPMENT_TEAM = 385846QHH8;
				GENERATE_INFOPLIST_FILE = YES;
				MARKETING_VERSION = 1.0;
				PRODUCT_BUNDLE_IDENTIFIER = com.yggene.GBShopUITests;
				PRODUCT_NAME = "$(TARGET_NAME)";
				SWIFT_EMIT_LOC_STRINGS = NO;
				SWIFT_VERSION = 5.0;
				TARGETED_DEVICE_FAMILY = "1,2";
				TEST_TARGET_NAME = GBShop;
			};
			name = Release;
		};
/* End XCBuildConfiguration section */

/* Begin XCConfigurationList section */
		1A10623327DF460100C04C09 /* Build configuration list for PBXProject "GBShop" */ = {
			isa = XCConfigurationList;
			buildConfigurations = (
				1A10626027DF460200C04C09 /* Debug */,
				1A10626127DF460200C04C09 /* Release */,
			);
			defaultConfigurationIsVisible = 0;
			defaultConfigurationName = Release;
		};
		1A10626227DF460200C04C09 /* Build configuration list for PBXNativeTarget "GBShop" */ = {
			isa = XCConfigurationList;
			buildConfigurations = (
				1A10626327DF460200C04C09 /* Debug */,
				1A10626427DF460200C04C09 /* Release */,
			);
			defaultConfigurationIsVisible = 0;
			defaultConfigurationName = Release;
		};
		1A10626527DF460200C04C09 /* Build configuration list for PBXNativeTarget "GBShopTests" */ = {
			isa = XCConfigurationList;
			buildConfigurations = (
				1A10626627DF460200C04C09 /* Debug */,
				1A10626727DF460200C04C09 /* Release */,
			);
			defaultConfigurationIsVisible = 0;
			defaultConfigurationName = Release;
		};
		1A10626827DF460200C04C09 /* Build configuration list for PBXNativeTarget "GBShopUITests" */ = {
			isa = XCConfigurationList;
			buildConfigurations = (
				1A10626927DF460200C04C09 /* Debug */,
				1A10626A27DF460200C04C09 /* Release */,
			);
			defaultConfigurationIsVisible = 0;
			defaultConfigurationName = Release;
		};
/* End XCConfigurationList section */

/* Begin XCRemoteSwiftPackageReference section */
		1A1B49DA27E3919100ED11BB /* XCRemoteSwiftPackageReference "Alamofire" */ = {
			isa = XCRemoteSwiftPackageReference;
			repositoryURL = "https://github.com/Alamofire/Alamofire.git";
			requirement = {
				kind = upToNextMajorVersion;
				minimumVersion = 5.5.0;
			};
		};
/* End XCRemoteSwiftPackageReference section */

/* Begin XCSwiftPackageProductDependency section */
		1A1B49DB27E3919100ED11BB /* Alamofire */ = {
			isa = XCSwiftPackageProductDependency;
			package = 1A1B49DA27E3919100ED11BB /* XCRemoteSwiftPackageReference "Alamofire" */;
			productName = Alamofire;
		};
/* End XCSwiftPackageProductDependency section */
	};
	rootObject = 1A10623027DF460100C04C09 /* Project object */;
}
