// !$*UTF8*$!
{
	archiveVersion = 1;
	classes = {
	};
	objectVersion = 55;
	objects = {

/* Begin PBXBuildFile section */
		1A325E4327A5A6D300A17F19 /* Color+Ext.swift in Sources */ = {isa = PBXBuildFile; fileRef = 1A325E4227A5A6D300A17F19 /* Color+Ext.swift */; };
		1A3B8F4E27B17BCE007A9454 /* City.swift in Sources */ = {isa = PBXBuildFile; fileRef = 1A3B8F4D27B17BCE007A9454 /* City.swift */; };
		1A4E8E5127A89BFD0085A5D4 /* FriendsPhotosView.swift in Sources */ = {isa = PBXBuildFile; fileRef = 1A4E8E5027A89BFD0085A5D4 /* FriendsPhotosView.swift */; };
		1A4E8E5327A8A6380085A5D4 /* FriendsSinglePhotoView.swift in Sources */ = {isa = PBXBuildFile; fileRef = 1A4E8E5227A8A6380085A5D4 /* FriendsSinglePhotoView.swift */; };
		1A4E8E5627A8A74F0085A5D4 /* ASCollectionView in Frameworks */ = {isa = PBXBuildFile; productRef = 1A4E8E5527A8A74F0085A5D4 /* ASCollectionView */; };
		1A4E8E5D27A8AE5C0085A5D4 /* Photo.swift in Sources */ = {isa = PBXBuildFile; fileRef = 1A4E8E5C27A8AE5C0085A5D4 /* Photo.swift */; };
		1A86387327A8798E00DE92DE /* User.swift in Sources */ = {isa = PBXBuildFile; fileRef = 1A86387227A8798E00DE92DE /* User.swift */; };
		1A86387627A88AE000DE92DE /* Friends.swift in Sources */ = {isa = PBXBuildFile; fileRef = 1A86387527A88AE000DE92DE /* Friends.swift */; };
		1AB1972627A42CEF00D8EE1B /* UserCellView.swift in Sources */ = {isa = PBXBuildFile; fileRef = 1AB1972527A42CEF00D8EE1B /* UserCellView.swift */; };
		1AB1972827A42D8200D8EE1B /* CommunityCellView.swift in Sources */ = {isa = PBXBuildFile; fileRef = 1AB1972727A42D8200D8EE1B /* CommunityCellView.swift */; };
		1AB1972A27A4A7C300D8EE1B /* MainViewTextFieldModifier.swift in Sources */ = {isa = PBXBuildFile; fileRef = 1AB1972927A4A7C300D8EE1B /* MainViewTextFieldModifier.swift */; };
		1AB1972C27A4A84200D8EE1B /* UserAvavatarViewBuilder.swift in Sources */ = {isa = PBXBuildFile; fileRef = 1AB1972B27A4A84200D8EE1B /* UserAvavatarViewBuilder.swift */; };
		1ABB244627A8CE870083B7CF /* FriendsView.swift in Sources */ = {isa = PBXBuildFile; fileRef = 1ABB244527A8CE870083B7CF /* FriendsView.swift */; };
		1ABB244827A923D10083B7CF /* NewsCellView.swift in Sources */ = {isa = PBXBuildFile; fileRef = 1ABB244727A923D10083B7CF /* NewsCellView.swift */; };
		1ABB244D27A94EB30083B7CF /* NewsModel.swift in Sources */ = {isa = PBXBuildFile; fileRef = 1ABB244C27A94EB30083B7CF /* NewsModel.swift */; };
		1ABB244F27A950AA0083B7CF /* News.swift in Sources */ = {isa = PBXBuildFile; fileRef = 1ABB244E27A950AA0083B7CF /* News.swift */; };
		1ABB245127A959BA0083B7CF /* NewsView.swift in Sources */ = {isa = PBXBuildFile; fileRef = 1ABB245027A959BA0083B7CF /* NewsView.swift */; };
		1AC025CC27A682240072230C /* LoginView.swift in Sources */ = {isa = PBXBuildFile; fileRef = 1AC025CB27A682240072230C /* LoginView.swift */; };
		1AC025CE27A752DF0072230C /* ContentView.swift in Sources */ = {isa = PBXBuildFile; fileRef = 1AC025CD27A752DF0072230C /* ContentView.swift */; };
		1AC74B4D27A88EB500FB0678 /* Community.swift in Sources */ = {isa = PBXBuildFile; fileRef = 1AC74B4C27A88EB500FB0678 /* Community.swift */; };
		1AC74B5327A8974900FB0678 /* Communities.swift in Sources */ = {isa = PBXBuildFile; fileRef = 1AC74B5227A8974900FB0678 /* Communities.swift */; };
		1AC74B5527A8992A00FB0678 /* CommunitiesView.swift in Sources */ = {isa = PBXBuildFile; fileRef = 1AC74B5427A8992A00FB0678 /* CommunitiesView.swift */; };
		1ADD6E52279F5CE50039DED6 /* swiftui_vkappApp.swift in Sources */ = {isa = PBXBuildFile; fileRef = 1ADD6E51279F5CE50039DED6 /* swiftui_vkappApp.swift */; };
		1ADD6E56279F5CE60039DED6 /* Assets.xcassets in Resources */ = {isa = PBXBuildFile; fileRef = 1ADD6E55279F5CE60039DED6 /* Assets.xcassets */; };
		1ADD6E59279F5CE60039DED6 /* Preview Assets.xcassets in Resources */ = {isa = PBXBuildFile; fileRef = 1ADD6E58279F5CE60039DED6 /* Preview Assets.xcassets */; };
/* End PBXBuildFile section */

/* Begin PBXCopyFilesBuildPhase section */
		1A4E8E5B27A8A9830085A5D4 /* Embed Frameworks */ = {
			isa = PBXCopyFilesBuildPhase;
			buildActionMask = 2147483647;
			dstPath = "";
			dstSubfolderSpec = 10;
			files = (
			);
			name = "Embed Frameworks";
			runOnlyForDeploymentPostprocessing = 0;
		};
/* End PBXCopyFilesBuildPhase section */

/* Begin PBXFileReference section */
		1A325E4227A5A6D300A17F19 /* Color+Ext.swift */ = {isa = PBXFileReference; lastKnownFileType = sourcecode.swift; path = "Color+Ext.swift"; sourceTree = "<group>"; };
		1A3B8F4D27B17BCE007A9454 /* City.swift */ = {isa = PBXFileReference; lastKnownFileType = sourcecode.swift; path = City.swift; sourceTree = "<group>"; };
		1A4E8E5027A89BFD0085A5D4 /* FriendsPhotosView.swift */ = {isa = PBXFileReference; lastKnownFileType = sourcecode.swift; path = FriendsPhotosView.swift; sourceTree = "<group>"; };
		1A4E8E5227A8A6380085A5D4 /* FriendsSinglePhotoView.swift */ = {isa = PBXFileReference; lastKnownFileType = sourcecode.swift; path = FriendsSinglePhotoView.swift; sourceTree = "<group>"; };
		1A4E8E5C27A8AE5C0085A5D4 /* Photo.swift */ = {isa = PBXFileReference; lastKnownFileType = sourcecode.swift; path = Photo.swift; sourceTree = "<group>"; };
		1A86387227A8798E00DE92DE /* User.swift */ = {isa = PBXFileReference; lastKnownFileType = sourcecode.swift; path = User.swift; sourceTree = "<group>"; };
		1A86387527A88AE000DE92DE /* Friends.swift */ = {isa = PBXFileReference; lastKnownFileType = sourcecode.swift; path = Friends.swift; sourceTree = "<group>"; };
		1AB1972527A42CEF00D8EE1B /* UserCellView.swift */ = {isa = PBXFileReference; lastKnownFileType = sourcecode.swift; path = UserCellView.swift; sourceTree = "<group>"; };
		1AB1972727A42D8200D8EE1B /* CommunityCellView.swift */ = {isa = PBXFileReference; lastKnownFileType = sourcecode.swift; path = CommunityCellView.swift; sourceTree = "<group>"; };
		1AB1972927A4A7C300D8EE1B /* MainViewTextFieldModifier.swift */ = {isa = PBXFileReference; lastKnownFileType = sourcecode.swift; path = MainViewTextFieldModifier.swift; sourceTree = "<group>"; };
		1AB1972B27A4A84200D8EE1B /* UserAvavatarViewBuilder.swift */ = {isa = PBXFileReference; lastKnownFileType = sourcecode.swift; path = UserAvavatarViewBuilder.swift; sourceTree = "<group>"; };
		1ABB244527A8CE870083B7CF /* FriendsView.swift */ = {isa = PBXFileReference; lastKnownFileType = sourcecode.swift; path = FriendsView.swift; sourceTree = "<group>"; };
		1ABB244727A923D10083B7CF /* NewsCellView.swift */ = {isa = PBXFileReference; lastKnownFileType = sourcecode.swift; path = NewsCellView.swift; sourceTree = "<group>"; };
		1ABB244C27A94EB30083B7CF /* NewsModel.swift */ = {isa = PBXFileReference; lastKnownFileType = sourcecode.swift; path = NewsModel.swift; sourceTree = "<group>"; };
		1ABB244E27A950AA0083B7CF /* News.swift */ = {isa = PBXFileReference; lastKnownFileType = sourcecode.swift; path = News.swift; sourceTree = "<group>"; };
		1ABB245027A959BA0083B7CF /* NewsView.swift */ = {isa = PBXFileReference; lastKnownFileType = sourcecode.swift; path = NewsView.swift; sourceTree = "<group>"; };
		1AC025CB27A682240072230C /* LoginView.swift */ = {isa = PBXFileReference; lastKnownFileType = sourcecode.swift; path = LoginView.swift; sourceTree = "<group>"; };
		1AC025CD27A752DF0072230C /* ContentView.swift */ = {isa = PBXFileReference; lastKnownFileType = sourcecode.swift; path = ContentView.swift; sourceTree = "<group>"; };
		1AC74B4C27A88EB500FB0678 /* Community.swift */ = {isa = PBXFileReference; lastKnownFileType = sourcecode.swift; path = Community.swift; sourceTree = "<group>"; };
		1AC74B5227A8974900FB0678 /* Communities.swift */ = {isa = PBXFileReference; lastKnownFileType = sourcecode.swift; path = Communities.swift; sourceTree = "<group>"; };
		1AC74B5427A8992A00FB0678 /* CommunitiesView.swift */ = {isa = PBXFileReference; lastKnownFileType = sourcecode.swift; path = CommunitiesView.swift; sourceTree = "<group>"; };
		1ADD6E4E279F5CE50039DED6 /* swiftui-vkapp.app */ = {isa = PBXFileReference; explicitFileType = wrapper.application; includeInIndex = 0; path = "swiftui-vkapp.app"; sourceTree = BUILT_PRODUCTS_DIR; };
		1ADD6E51279F5CE50039DED6 /* swiftui_vkappApp.swift */ = {isa = PBXFileReference; lastKnownFileType = sourcecode.swift; path = swiftui_vkappApp.swift; sourceTree = "<group>"; };
		1ADD6E55279F5CE60039DED6 /* Assets.xcassets */ = {isa = PBXFileReference; lastKnownFileType = folder.assetcatalog; path = Assets.xcassets; sourceTree = "<group>"; };
		1ADD6E58279F5CE60039DED6 /* Preview Assets.xcassets */ = {isa = PBXFileReference; lastKnownFileType = folder.assetcatalog; path = "Preview Assets.xcassets"; sourceTree = "<group>"; };
/* End PBXFileReference section */

/* Begin PBXFrameworksBuildPhase section */
		1ADD6E4B279F5CE50039DED6 /* Frameworks */ = {
			isa = PBXFrameworksBuildPhase;
			buildActionMask = 2147483647;
			files = (
				1A4E8E5627A8A74F0085A5D4 /* ASCollectionView in Frameworks */,
			);
			runOnlyForDeploymentPostprocessing = 0;
		};
/* End PBXFrameworksBuildPhase section */

/* Begin PBXGroup section */
		1A325E4127A5A6BC00A17F19 /* Extensions */ = {
			isa = PBXGroup;
			children = (
				1A325E4227A5A6D300A17F19 /* Color+Ext.swift */,
			);
			path = Extensions;
			sourceTree = "<group>";
		};
		1A4E8E5927A8A97F0085A5D4 /* Frameworks */ = {
			isa = PBXGroup;
			children = (
			);
			name = Frameworks;
			sourceTree = "<group>";
		};
		1A86387127A8754600DE92DE /* Model */ = {
			isa = PBXGroup;
			children = (
				1A86387227A8798E00DE92DE /* User.swift */,
				1AC74B4C27A88EB500FB0678 /* Community.swift */,
				1ABB244C27A94EB30083B7CF /* NewsModel.swift */,
				1A4E8E5C27A8AE5C0085A5D4 /* Photo.swift */,
				1A3B8F4D27B17BCE007A9454 /* City.swift */,
			);
			path = Model;
			sourceTree = "<group>";
		};
		1A86387427A88AC000DE92DE /* Database */ = {
			isa = PBXGroup;
			children = (
				1A86387527A88AE000DE92DE /* Friends.swift */,
				1AC74B5227A8974900FB0678 /* Communities.swift */,
				1ABB244E27A950AA0083B7CF /* News.swift */,
			);
			path = Database;
			sourceTree = "<group>";
		};
		1AB1972427A42C3300D8EE1B /* View */ = {
			isa = PBXGroup;
			children = (
				1AC025CB27A682240072230C /* LoginView.swift */,
				1AC025CD27A752DF0072230C /* ContentView.swift */,
				1ABB244527A8CE870083B7CF /* FriendsView.swift */,
				1A4E8E5027A89BFD0085A5D4 /* FriendsPhotosView.swift */,
				1A4E8E5227A8A6380085A5D4 /* FriendsSinglePhotoView.swift */,
				1AC74B5427A8992A00FB0678 /* CommunitiesView.swift */,
				1ABB245027A959BA0083B7CF /* NewsView.swift */,
				1AC74B5127A895F300FB0678 /* CellView */,
				1AC74B4B27A88DE700FB0678 /* ViewModifiers */,
				1AC74B4A27A88DDB00FB0678 /* ViewBuilders */,
			);
			path = View;
			sourceTree = "<group>";
		};
		1AC74B4A27A88DDB00FB0678 /* ViewBuilders */ = {
			isa = PBXGroup;
			children = (
				1AB1972B27A4A84200D8EE1B /* UserAvavatarViewBuilder.swift */,
			);
			path = ViewBuilders;
			sourceTree = "<group>";
		};
		1AC74B4B27A88DE700FB0678 /* ViewModifiers */ = {
			isa = PBXGroup;
			children = (
				1AB1972927A4A7C300D8EE1B /* MainViewTextFieldModifier.swift */,
			);
			path = ViewModifiers;
			sourceTree = "<group>";
		};
		1AC74B5127A895F300FB0678 /* CellView */ = {
			isa = PBXGroup;
			children = (
				1AB1972527A42CEF00D8EE1B /* UserCellView.swift */,
				1AB1972727A42D8200D8EE1B /* CommunityCellView.swift */,
				1ABB244727A923D10083B7CF /* NewsCellView.swift */,
			);
			path = CellView;
			sourceTree = "<group>";
		};
		1ADD6E45279F5CE50039DED6 = {
			isa = PBXGroup;
			children = (
				1ADD6E50279F5CE50039DED6 /* swiftui-vkapp */,
				1ADD6E4F279F5CE50039DED6 /* Products */,
				1A4E8E5927A8A97F0085A5D4 /* Frameworks */,
			);
			sourceTree = "<group>";
		};
		1ADD6E4F279F5CE50039DED6 /* Products */ = {
			isa = PBXGroup;
			children = (
				1ADD6E4E279F5CE50039DED6 /* swiftui-vkapp.app */,
			);
			name = Products;
			sourceTree = "<group>";
		};
		1ADD6E50279F5CE50039DED6 /* swiftui-vkapp */ = {
			isa = PBXGroup;
			children = (
				1ADD6E51279F5CE50039DED6 /* swiftui_vkappApp.swift */,
				1A86387427A88AC000DE92DE /* Database */,
				1A325E4127A5A6BC00A17F19 /* Extensions */,
				1A86387127A8754600DE92DE /* Model */,
				1AB1972427A42C3300D8EE1B /* View */,
				1ADD6E55279F5CE60039DED6 /* Assets.xcassets */,
				1ADD6E57279F5CE60039DED6 /* Preview Content */,
			);
			path = "swiftui-vkapp";
			sourceTree = "<group>";
		};
		1ADD6E57279F5CE60039DED6 /* Preview Content */ = {
			isa = PBXGroup;
			children = (
				1ADD6E58279F5CE60039DED6 /* Preview Assets.xcassets */,
			);
			path = "Preview Content";
			sourceTree = "<group>";
		};
/* End PBXGroup section */

/* Begin PBXNativeTarget section */
		1ADD6E4D279F5CE50039DED6 /* swiftui-vkapp */ = {
			isa = PBXNativeTarget;
			buildConfigurationList = 1ADD6E5C279F5CE60039DED6 /* Build configuration list for PBXNativeTarget "swiftui-vkapp" */;
			buildPhases = (
				1ADD6E4A279F5CE50039DED6 /* Sources */,
				1ADD6E4B279F5CE50039DED6 /* Frameworks */,
				1ADD6E4C279F5CE50039DED6 /* Resources */,
				1A4E8E5B27A8A9830085A5D4 /* Embed Frameworks */,
			);
			buildRules = (
			);
			dependencies = (
			);
			name = "swiftui-vkapp";
			packageProductDependencies = (
				1A4E8E5527A8A74F0085A5D4 /* ASCollectionView */,
			);
			productName = "swiftui-vkapp";
			productReference = 1ADD6E4E279F5CE50039DED6 /* swiftui-vkapp.app */;
			productType = "com.apple.product-type.application";
		};
/* End PBXNativeTarget section */

/* Begin PBXProject section */
		1ADD6E46279F5CE50039DED6 /* Project object */ = {
			isa = PBXProject;
			attributes = {
				BuildIndependentTargetsInParallel = 1;
				LastSwiftUpdateCheck = 1320;
				LastUpgradeCheck = 1320;
				TargetAttributes = {
					1ADD6E4D279F5CE50039DED6 = {
						CreatedOnToolsVersion = 13.2.1;
					};
				};
			};
			buildConfigurationList = 1ADD6E49279F5CE50039DED6 /* Build configuration list for PBXProject "swiftui-vkapp" */;
			compatibilityVersion = "Xcode 13.0";
			developmentRegion = en;
			hasScannedForEncodings = 0;
			knownRegions = (
				en,
				Base,
			);
			mainGroup = 1ADD6E45279F5CE50039DED6;
			packageReferences = (
				1A4E8E5427A8A74F0085A5D4 /* XCRemoteSwiftPackageReference "ASCollectionView" */,
			);
			productRefGroup = 1ADD6E4F279F5CE50039DED6 /* Products */;
			projectDirPath = "";
			projectRoot = "";
			targets = (
				1ADD6E4D279F5CE50039DED6 /* swiftui-vkapp */,
			);
		};
/* End PBXProject section */

/* Begin PBXResourcesBuildPhase section */
		1ADD6E4C279F5CE50039DED6 /* Resources */ = {
			isa = PBXResourcesBuildPhase;
			buildActionMask = 2147483647;
			files = (
				1ADD6E59279F5CE60039DED6 /* Preview Assets.xcassets in Resources */,
				1ADD6E56279F5CE60039DED6 /* Assets.xcassets in Resources */,
			);
			runOnlyForDeploymentPostprocessing = 0;
		};
/* End PBXResourcesBuildPhase section */

/* Begin PBXSourcesBuildPhase section */
		1ADD6E4A279F5CE50039DED6 /* Sources */ = {
			isa = PBXSourcesBuildPhase;
			buildActionMask = 2147483647;
			files = (
				1AB1972A27A4A7C300D8EE1B /* MainViewTextFieldModifier.swift in Sources */,
				1AC025CC27A682240072230C /* LoginView.swift in Sources */,
				1AC025CE27A752DF0072230C /* ContentView.swift in Sources */,
				1ABB244F27A950AA0083B7CF /* News.swift in Sources */,
				1ABB244827A923D10083B7CF /* NewsCellView.swift in Sources */,
				1AC74B4D27A88EB500FB0678 /* Community.swift in Sources */,
				1A86387627A88AE000DE92DE /* Friends.swift in Sources */,
				1A4E8E5327A8A6380085A5D4 /* FriendsSinglePhotoView.swift in Sources */,
				1ABB245127A959BA0083B7CF /* NewsView.swift in Sources */,
				1A325E4327A5A6D300A17F19 /* Color+Ext.swift in Sources */,
				1AB1972C27A4A84200D8EE1B /* UserAvavatarViewBuilder.swift in Sources */,
				1ABB244D27A94EB30083B7CF /* NewsModel.swift in Sources */,
				1AB1972627A42CEF00D8EE1B /* UserCellView.swift in Sources */,
				1ABB244627A8CE870083B7CF /* FriendsView.swift in Sources */,
				1A4E8E5127A89BFD0085A5D4 /* FriendsPhotosView.swift in Sources */,
				1A4E8E5D27A8AE5C0085A5D4 /* Photo.swift in Sources */,
				1A86387327A8798E00DE92DE /* User.swift in Sources */,
				1AC74B5527A8992A00FB0678 /* CommunitiesView.swift in Sources */,
				1A3B8F4E27B17BCE007A9454 /* City.swift in Sources */,
				1AC74B5327A8974900FB0678 /* Communities.swift in Sources */,
				1AB1972827A42D8200D8EE1B /* CommunityCellView.swift in Sources */,
				1ADD6E52279F5CE50039DED6 /* swiftui_vkappApp.swift in Sources */,
			);
			runOnlyForDeploymentPostprocessing = 0;
		};
/* End PBXSourcesBuildPhase section */

/* Begin XCBuildConfiguration section */
		1ADD6E5A279F5CE60039DED6 /* Debug */ = {
			isa = XCBuildConfiguration;
			buildSettings = {
				ALWAYS_SEARCH_USER_PATHS = NO;
				CLANG_ANALYZER_NONNULL = YES;
				CLANG_ANALYZER_NUMBER_OBJECT_CONVERSION = YES_AGGRESSIVE;
				CLANG_CXX_LANGUAGE_STANDARD = "gnu++17";
				CLANG_CXX_LIBRARY = "libc++";
				CLANG_ENABLE_MODULES = YES;
				CLANG_ENABLE_OBJC_ARC = YES;
				CLANG_ENABLE_OBJC_WEAK = YES;
				CLANG_WARN_BLOCK_CAPTURE_AUTORELEASING = YES;
				CLANG_WARN_BOOL_CONVERSION = YES;
				CLANG_WARN_COMMA = YES;
				CLANG_WARN_CONSTANT_CONVERSION = YES;
				CLANG_WARN_DEPRECATED_OBJC_IMPLEMENTATIONS = YES;
				CLANG_WARN_DIRECT_OBJC_ISA_USAGE = YES_ERROR;
				CLANG_WARN_DOCUMENTATION_COMMENTS = YES;
				CLANG_WARN_EMPTY_BODY = YES;
				CLANG_WARN_ENUM_CONVERSION = YES;
				CLANG_WARN_INFINITE_RECURSION = YES;
				CLANG_WARN_INT_CONVERSION = YES;
				CLANG_WARN_NON_LITERAL_NULL_CONVERSION = YES;
				CLANG_WARN_OBJC_IMPLICIT_RETAIN_SELF = YES;
				CLANG_WARN_OBJC_LITERAL_CONVERSION = YES;
				CLANG_WARN_OBJC_ROOT_CLASS = YES_ERROR;
				CLANG_WARN_QUOTED_INCLUDE_IN_FRAMEWORK_HEADER = YES;
				CLANG_WARN_RANGE_LOOP_ANALYSIS = YES;
				CLANG_WARN_STRICT_PROTOTYPES = YES;
				CLANG_WARN_SUSPICIOUS_MOVE = YES;
				CLANG_WARN_UNGUARDED_AVAILABILITY = YES_AGGRESSIVE;
				CLANG_WARN_UNREACHABLE_CODE = YES;
				CLANG_WARN__DUPLICATE_METHOD_MATCH = YES;
				COPY_PHASE_STRIP = NO;
				DEBUG_INFORMATION_FORMAT = dwarf;
				ENABLE_STRICT_OBJC_MSGSEND = YES;
				ENABLE_TESTABILITY = YES;
				GCC_C_LANGUAGE_STANDARD = gnu11;
				GCC_DYNAMIC_NO_PIC = NO;
				GCC_NO_COMMON_BLOCKS = YES;
				GCC_OPTIMIZATION_LEVEL = 0;
				GCC_PREPROCESSOR_DEFINITIONS = (
					"DEBUG=1",
					"$(inherited)",
				);
				GCC_WARN_64_TO_32_BIT_CONVERSION = YES;
				GCC_WARN_ABOUT_RETURN_TYPE = YES_ERROR;
				GCC_WARN_UNDECLARED_SELECTOR = YES;
				GCC_WARN_UNINITIALIZED_AUTOS = YES_AGGRESSIVE;
				GCC_WARN_UNUSED_FUNCTION = YES;
				GCC_WARN_UNUSED_VARIABLE = YES;
				IPHONEOS_DEPLOYMENT_TARGET = 15.2;
				MTL_ENABLE_DEBUG_INFO = INCLUDE_SOURCE;
				MTL_FAST_MATH = YES;
				ONLY_ACTIVE_ARCH = YES;
				SDKROOT = iphoneos;
				SWIFT_ACTIVE_COMPILATION_CONDITIONS = DEBUG;
				SWIFT_OPTIMIZATION_LEVEL = "-Onone";
			};
			name = Debug;
		};
		1ADD6E5B279F5CE60039DED6 /* Release */ = {
			isa = XCBuildConfiguration;
			buildSettings = {
				ALWAYS_SEARCH_USER_PATHS = NO;
				CLANG_ANALYZER_NONNULL = YES;
				CLANG_ANALYZER_NUMBER_OBJECT_CONVERSION = YES_AGGRESSIVE;
				CLANG_CXX_LANGUAGE_STANDARD = "gnu++17";
				CLANG_CXX_LIBRARY = "libc++";
				CLANG_ENABLE_MODULES = YES;
				CLANG_ENABLE_OBJC_ARC = YES;
				CLANG_ENABLE_OBJC_WEAK = YES;
				CLANG_WARN_BLOCK_CAPTURE_AUTORELEASING = YES;
				CLANG_WARN_BOOL_CONVERSION = YES;
				CLANG_WARN_COMMA = YES;
				CLANG_WARN_CONSTANT_CONVERSION = YES;
				CLANG_WARN_DEPRECATED_OBJC_IMPLEMENTATIONS = YES;
				CLANG_WARN_DIRECT_OBJC_ISA_USAGE = YES_ERROR;
				CLANG_WARN_DOCUMENTATION_COMMENTS = YES;
				CLANG_WARN_EMPTY_BODY = YES;
				CLANG_WARN_ENUM_CONVERSION = YES;
				CLANG_WARN_INFINITE_RECURSION = YES;
				CLANG_WARN_INT_CONVERSION = YES;
				CLANG_WARN_NON_LITERAL_NULL_CONVERSION = YES;
				CLANG_WARN_OBJC_IMPLICIT_RETAIN_SELF = YES;
				CLANG_WARN_OBJC_LITERAL_CONVERSION = YES;
				CLANG_WARN_OBJC_ROOT_CLASS = YES_ERROR;
				CLANG_WARN_QUOTED_INCLUDE_IN_FRAMEWORK_HEADER = YES;
				CLANG_WARN_RANGE_LOOP_ANALYSIS = YES;
				CLANG_WARN_STRICT_PROTOTYPES = YES;
				CLANG_WARN_SUSPICIOUS_MOVE = YES;
				CLANG_WARN_UNGUARDED_AVAILABILITY = YES_AGGRESSIVE;
				CLANG_WARN_UNREACHABLE_CODE = YES;
				CLANG_WARN__DUPLICATE_METHOD_MATCH = YES;
				COPY_PHASE_STRIP = NO;
				DEBUG_INFORMATION_FORMAT = "dwarf-with-dsym";
				ENABLE_NS_ASSERTIONS = NO;
				ENABLE_STRICT_OBJC_MSGSEND = YES;
				GCC_C_LANGUAGE_STANDARD = gnu11;
				GCC_NO_COMMON_BLOCKS = YES;
				GCC_WARN_64_TO_32_BIT_CONVERSION = YES;
				GCC_WARN_ABOUT_RETURN_TYPE = YES_ERROR;
				GCC_WARN_UNDECLARED_SELECTOR = YES;
				GCC_WARN_UNINITIALIZED_AUTOS = YES_AGGRESSIVE;
				GCC_WARN_UNUSED_FUNCTION = YES;
				GCC_WARN_UNUSED_VARIABLE = YES;
				IPHONEOS_DEPLOYMENT_TARGET = 15.2;
				MTL_ENABLE_DEBUG_INFO = NO;
				MTL_FAST_MATH = YES;
				SDKROOT = iphoneos;
				SWIFT_COMPILATION_MODE = wholemodule;
				SWIFT_OPTIMIZATION_LEVEL = "-O";
				VALIDATE_PRODUCT = YES;
			};
			name = Release;
		};
		1ADD6E5D279F5CE60039DED6 /* Debug */ = {
			isa = XCBuildConfiguration;
			buildSettings = {
				ASSETCATALOG_COMPILER_APPICON_NAME = AppIcon;
				ASSETCATALOG_COMPILER_GLOBAL_ACCENT_COLOR_NAME = AccentColor;
				CODE_SIGN_STYLE = Automatic;
				CURRENT_PROJECT_VERSION = 1;
				DEVELOPMENT_ASSET_PATHS = "\"swiftui-vkapp/Preview Content\"";
				DEVELOPMENT_TEAM = 385846QHH8;
				ENABLE_PREVIEWS = YES;
				GENERATE_INFOPLIST_FILE = YES;
				INFOPLIST_KEY_UIApplicationSceneManifest_Generation = YES;
				INFOPLIST_KEY_UIApplicationSupportsIndirectInputEvents = YES;
				INFOPLIST_KEY_UILaunchScreen_Generation = YES;
				INFOPLIST_KEY_UISupportedInterfaceOrientations_iPad = "UIInterfaceOrientationPortrait UIInterfaceOrientationPortraitUpsideDown UIInterfaceOrientationLandscapeLeft UIInterfaceOrientationLandscapeRight";
				INFOPLIST_KEY_UISupportedInterfaceOrientations_iPhone = "UIInterfaceOrientationPortrait UIInterfaceOrientationLandscapeLeft UIInterfaceOrientationLandscapeRight";
				LD_RUNPATH_SEARCH_PATHS = (
					"$(inherited)",
					"@executable_path/Frameworks",
				);
				MARKETING_VERSION = 1.0;
				PRODUCT_BUNDLE_IDENTIFIER = "com.yggene.swiftui-vkapp";
				PRODUCT_NAME = "$(TARGET_NAME)";
				SWIFT_EMIT_LOC_STRINGS = YES;
				SWIFT_VERSION = 5.0;
				TARGETED_DEVICE_FAMILY = "1,2";
			};
			name = Debug;
		};
		1ADD6E5E279F5CE60039DED6 /* Release */ = {
			isa = XCBuildConfiguration;
			buildSettings = {
				ASSETCATALOG_COMPILER_APPICON_NAME = AppIcon;
				ASSETCATALOG_COMPILER_GLOBAL_ACCENT_COLOR_NAME = AccentColor;
				CODE_SIGN_STYLE = Automatic;
				CURRENT_PROJECT_VERSION = 1;
				DEVELOPMENT_ASSET_PATHS = "\"swiftui-vkapp/Preview Content\"";
				DEVELOPMENT_TEAM = 385846QHH8;
				ENABLE_PREVIEWS = YES;
				GENERATE_INFOPLIST_FILE = YES;
				INFOPLIST_KEY_UIApplicationSceneManifest_Generation = YES;
				INFOPLIST_KEY_UIApplicationSupportsIndirectInputEvents = YES;
				INFOPLIST_KEY_UILaunchScreen_Generation = YES;
				INFOPLIST_KEY_UISupportedInterfaceOrientations_iPad = "UIInterfaceOrientationPortrait UIInterfaceOrientationPortraitUpsideDown UIInterfaceOrientationLandscapeLeft UIInterfaceOrientationLandscapeRight";
				INFOPLIST_KEY_UISupportedInterfaceOrientations_iPhone = "UIInterfaceOrientationPortrait UIInterfaceOrientationLandscapeLeft UIInterfaceOrientationLandscapeRight";
				LD_RUNPATH_SEARCH_PATHS = (
					"$(inherited)",
					"@executable_path/Frameworks",
				);
				MARKETING_VERSION = 1.0;
				PRODUCT_BUNDLE_IDENTIFIER = "com.yggene.swiftui-vkapp";
				PRODUCT_NAME = "$(TARGET_NAME)";
				SWIFT_EMIT_LOC_STRINGS = YES;
				SWIFT_VERSION = 5.0;
				TARGETED_DEVICE_FAMILY = "1,2";
			};
			name = Release;
		};
/* End XCBuildConfiguration section */

/* Begin XCConfigurationList section */
		1ADD6E49279F5CE50039DED6 /* Build configuration list for PBXProject "swiftui-vkapp" */ = {
			isa = XCConfigurationList;
			buildConfigurations = (
				1ADD6E5A279F5CE60039DED6 /* Debug */,
				1ADD6E5B279F5CE60039DED6 /* Release */,
			);
			defaultConfigurationIsVisible = 0;
			defaultConfigurationName = Release;
		};
		1ADD6E5C279F5CE60039DED6 /* Build configuration list for PBXNativeTarget "swiftui-vkapp" */ = {
			isa = XCConfigurationList;
			buildConfigurations = (
				1ADD6E5D279F5CE60039DED6 /* Debug */,
				1ADD6E5E279F5CE60039DED6 /* Release */,
			);
			defaultConfigurationIsVisible = 0;
			defaultConfigurationName = Release;
		};
/* End XCConfigurationList section */

/* Begin XCRemoteSwiftPackageReference section */
		1A4E8E5427A8A74F0085A5D4 /* XCRemoteSwiftPackageReference "ASCollectionView" */ = {
			isa = XCRemoteSwiftPackageReference;
			repositoryURL = "https://github.com/apptekstudios/ASCollectionView";
			requirement = {
				kind = upToNextMajorVersion;
				minimumVersion = 2.0.0;
			};
		};
/* End XCRemoteSwiftPackageReference section */

/* Begin XCSwiftPackageProductDependency section */
		1A4E8E5527A8A74F0085A5D4 /* ASCollectionView */ = {
			isa = XCSwiftPackageProductDependency;
			package = 1A4E8E5427A8A74F0085A5D4 /* XCRemoteSwiftPackageReference "ASCollectionView" */;
			productName = ASCollectionView;
		};
/* End XCSwiftPackageProductDependency section */
	};
	rootObject = 1ADD6E46279F5CE50039DED6 /* Project object */;
}
