// !$*UTF8*$!
{
	archiveVersion = 1;
	classes = {
	};
	objectVersion = 52;
	objects = {

/* Begin PBXBuildFile section */
		1A17D3E3270B9F4900E3BD02 /* VKLoginController.swift in Sources */ = {isa = PBXBuildFile; fileRef = 1A17D3E2270B9F4900E3BD02 /* VKLoginController.swift */; };
		1A17D3E5270BA9DC00E3BD02 /* NetworkService.swift in Sources */ = {isa = PBXBuildFile; fileRef = 1A17D3E4270BA9DC00E3BD02 /* NetworkService.swift */; };
		1A1A0D6E274317E900ED5D80 /* NewsFooterView.swift in Sources */ = {isa = PBXBuildFile; fileRef = 1A1A0D6D274317E900ED5D80 /* NewsFooterView.swift */; };
		1A1AF35926F16A36001E1CE8 /* HideKeyboard.swift in Sources */ = {isa = PBXBuildFile; fileRef = 1A1AF35826F16A36001E1CE8 /* HideKeyboard.swift */; };
		1A1AF35C26F2877F001E1CE8 /* LoadingViewController.swift in Sources */ = {isa = PBXBuildFile; fileRef = 1A1AF35B26F2877F001E1CE8 /* LoadingViewController.swift */; };
		1A23241726D5816700B2E43C /* User.swift in Sources */ = {isa = PBXBuildFile; fileRef = 1A23241626D5816700B2E43C /* User.swift */; };
		1A35C66426C5B9860054456D /* AppDelegate.swift in Sources */ = {isa = PBXBuildFile; fileRef = 1A35C66326C5B9860054456D /* AppDelegate.swift */; };
		1A35C66626C5B9860054456D /* SceneDelegate.swift in Sources */ = {isa = PBXBuildFile; fileRef = 1A35C66526C5B9860054456D /* SceneDelegate.swift */; };
		1A35C66826C5B9860054456D /* LoginViewController.swift in Sources */ = {isa = PBXBuildFile; fileRef = 1A35C66726C5B9860054456D /* LoginViewController.swift */; };
		1A35C66B26C5B9860054456D /* Main.storyboard in Resources */ = {isa = PBXBuildFile; fileRef = 1A35C66926C5B9860054456D /* Main.storyboard */; };
		1A35C66D26C5B9860054456D /* Assets.xcassets in Resources */ = {isa = PBXBuildFile; fileRef = 1A35C66C26C5B9860054456D /* Assets.xcassets */; };
		1A35C67026C5B9860054456D /* LaunchScreen.storyboard in Resources */ = {isa = PBXBuildFile; fileRef = 1A35C66E26C5B9860054456D /* LaunchScreen.storyboard */; };
		1A52A6A826D8A35800C5A912 /* MyGroupsTableViewController.swift in Sources */ = {isa = PBXBuildFile; fileRef = 1A52A6A726D8A35800C5A912 /* MyGroupsTableViewController.swift */; };
		1A52A6AA26D8A36F00C5A912 /* AllGroupsTableViewController.swift in Sources */ = {isa = PBXBuildFile; fileRef = 1A52A6A926D8A36F00C5A912 /* AllGroupsTableViewController.swift */; };
		1A55C8E4271B6E99009161DC /* Double + Ext.swift in Sources */ = {isa = PBXBuildFile; fileRef = 1A55C8E3271B6E99009161DC /* Double + Ext.swift */; };
		1A55C8E6271B7F33009161DC /* City.swift in Sources */ = {isa = PBXBuildFile; fileRef = 1A55C8E5271B7F33009161DC /* City.swift */; };
		1A6CE40926E0B9EB0030EE50 /* AvatarImageView.swift in Sources */ = {isa = PBXBuildFile; fileRef = 1A6CE40826E0B9EB0030EE50 /* AvatarImageView.swift */; };
		1A6DE2DD2714F5D40089C967 /* VKResponse.swift in Sources */ = {isa = PBXBuildFile; fileRef = 1A6DE2DC2714F5D40089C967 /* VKResponse.swift */; };
		1A6DE2E02715D3920089C967 /* Nuke in Frameworks */ = {isa = PBXBuildFile; productRef = 1A6DE2DF2715D3920089C967 /* Nuke */; };
		1A74C34926F36B33002BAD2A /* HeaderCollectionReusableView.swift in Sources */ = {isa = PBXBuildFile; fileRef = 1A74C34826F36B33002BAD2A /* HeaderCollectionReusableView.swift */; };
		1A74C34B26F38F00002BAD2A /* FriendPhotoViewController.swift in Sources */ = {isa = PBXBuildFile; fileRef = 1A74C34A26F38F00002BAD2A /* FriendPhotoViewController.swift */; };
		1A7A09EA26D2A1240065C852 /* FriendsTableViewController.swift in Sources */ = {isa = PBXBuildFile; fileRef = 1A7A09E926D2A1240065C852 /* FriendsTableViewController.swift */; };
		1A7F5FCF26DC462F00B50E37 /* FriendTableViewCell.swift in Sources */ = {isa = PBXBuildFile; fileRef = 1A7F5FCE26DC462F00B50E37 /* FriendTableViewCell.swift */; };
		1A926BBD26E5249B00D8B371 /* FriendLikeControl.swift in Sources */ = {isa = PBXBuildFile; fileRef = 1A926BBC26E5249B00D8B371 /* FriendLikeControl.swift */; };
		1A93C04926EAA1C700386D50 /* Photo.swift in Sources */ = {isa = PBXBuildFile; fileRef = 1A93C04826EAA1C700386D50 /* Photo.swift */; };
		1A9D0AB926DAE83800EDD7FD /* AllGroupsTableViewCell.swift in Sources */ = {isa = PBXBuildFile; fileRef = 1A9D0AB726DAE83800EDD7FD /* AllGroupsTableViewCell.swift */; };
		1A9D0ABF26DAFB4A00EDD7FD /* MyGroupsTableViewCell.swift in Sources */ = {isa = PBXBuildFile; fileRef = 1A9D0ABD26DAFB4A00EDD7FD /* MyGroupsTableViewCell.swift */; };
		1AA48539270904F5008E6673 /* Session.swift in Sources */ = {isa = PBXBuildFile; fileRef = 1AA48538270904F5008E6673 /* Session.swift */; };
		1ABC351826D6D7EF0086B441 /* Community.swift in Sources */ = {isa = PBXBuildFile; fileRef = 1ABC351726D6D7EF0086B441 /* Community.swift */; };
		1ABC352626D70AE10086B441 /* FriendPhotoCollectionViewCell.swift in Sources */ = {isa = PBXBuildFile; fileRef = 1ABC352526D70AE10086B441 /* FriendPhotoCollectionViewCell.swift */; };
		1ABC352826D70C580086B441 /* FriendPhotoCollectionViewController.swift in Sources */ = {isa = PBXBuildFile; fileRef = 1ABC352726D70C580086B441 /* FriendPhotoCollectionViewController.swift */; };
		1ACD58C72745BC0400648A31 /* UIColor + Ext.swift in Sources */ = {isa = PBXBuildFile; fileRef = 1ACD58C62745BC0400648A31 /* UIColor + Ext.swift */; };
		1ADACF3E26ED2EB0005E1FE7 /* News.swift in Sources */ = {isa = PBXBuildFile; fileRef = 1ADACF3D26ED2EB0005E1FE7 /* News.swift */; };
		1ADACF4026ED5DE1005E1FE7 /* NewsTableViewCell.swift in Sources */ = {isa = PBXBuildFile; fileRef = 1ADACF3F26ED5DE1005E1FE7 /* NewsTableViewCell.swift */; };
		1ADACF4226ED6CD1005E1FE7 /* NewsTableViewController.swift in Sources */ = {isa = PBXBuildFile; fileRef = 1ADACF4126ED6CD1005E1FE7 /* NewsTableViewController.swift */; };
		1ADACF4426ED88E5005E1FE7 /* TrueScalePhotoImageView.swift in Sources */ = {isa = PBXBuildFile; fileRef = 1ADACF4326ED88E5005E1FE7 /* TrueScalePhotoImageView.swift */; };
		1ADACF4B26ED9DB1005E1FE7 /* NewsShareControl.swift in Sources */ = {isa = PBXBuildFile; fileRef = 1ADACF4A26ED9DB1005E1FE7 /* NewsShareControl.swift */; };
		1ADACF5126EDA960005E1FE7 /* NewsLikeControl.swift in Sources */ = {isa = PBXBuildFile; fileRef = 1ADACF5026EDA960005E1FE7 /* NewsLikeControl.swift */; };
		1ADACF5726EDB46C005E1FE7 /* NewsCommentControl.swift in Sources */ = {isa = PBXBuildFile; fileRef = 1ADACF5626EDB46C005E1FE7 /* NewsCommentControl.swift */; };
		1AE0D152271DB6A000184CEC /* RealmService.swift in Sources */ = {isa = PBXBuildFile; fileRef = 1AE0D151271DB6A000184CEC /* RealmService.swift */; };
		1AF66A78271C170F0067488F /* Realm in Frameworks */ = {isa = PBXBuildFile; productRef = 1AF66A77271C170F0067488F /* Realm */; };
		1AF66A7A271C170F0067488F /* RealmSwift in Frameworks */ = {isa = PBXBuildFile; productRef = 1AF66A79271C170F0067488F /* RealmSwift */; };
		1AFF9A45274479B100F7C18C /* NewsHeaderView.swift in Sources */ = {isa = PBXBuildFile; fileRef = 1AFF9A44274479B100F7C18C /* NewsHeaderView.swift */; };
/* End PBXBuildFile section */

/* Begin PBXFileReference section */
		1A17D3E2270B9F4900E3BD02 /* VKLoginController.swift */ = {isa = PBXFileReference; lastKnownFileType = sourcecode.swift; path = VKLoginController.swift; sourceTree = "<group>"; };
		1A17D3E4270BA9DC00E3BD02 /* NetworkService.swift */ = {isa = PBXFileReference; lastKnownFileType = sourcecode.swift; path = NetworkService.swift; sourceTree = "<group>"; };
		1A1A0D6D274317E900ED5D80 /* NewsFooterView.swift */ = {isa = PBXFileReference; lastKnownFileType = sourcecode.swift; path = NewsFooterView.swift; sourceTree = "<group>"; };
		1A1AF35826F16A36001E1CE8 /* HideKeyboard.swift */ = {isa = PBXFileReference; lastKnownFileType = sourcecode.swift; path = HideKeyboard.swift; sourceTree = "<group>"; };
		1A1AF35B26F2877F001E1CE8 /* LoadingViewController.swift */ = {isa = PBXFileReference; lastKnownFileType = sourcecode.swift; path = LoadingViewController.swift; sourceTree = "<group>"; };
		1A23241626D5816700B2E43C /* User.swift */ = {isa = PBXFileReference; lastKnownFileType = sourcecode.swift; path = User.swift; sourceTree = "<group>"; };
		1A35C66026C5B9850054456D /* fakeVKapp.app */ = {isa = PBXFileReference; explicitFileType = wrapper.application; includeInIndex = 0; path = fakeVKapp.app; sourceTree = BUILT_PRODUCTS_DIR; };
		1A35C66326C5B9860054456D /* AppDelegate.swift */ = {isa = PBXFileReference; lastKnownFileType = sourcecode.swift; path = AppDelegate.swift; sourceTree = "<group>"; };
		1A35C66526C5B9860054456D /* SceneDelegate.swift */ = {isa = PBXFileReference; lastKnownFileType = sourcecode.swift; path = SceneDelegate.swift; sourceTree = "<group>"; };
		1A35C66726C5B9860054456D /* LoginViewController.swift */ = {isa = PBXFileReference; lastKnownFileType = sourcecode.swift; path = LoginViewController.swift; sourceTree = "<group>"; };
		1A35C66A26C5B9860054456D /* Base */ = {isa = PBXFileReference; lastKnownFileType = file.storyboard; name = Base; path = Base.lproj/Main.storyboard; sourceTree = "<group>"; };
		1A35C66C26C5B9860054456D /* Assets.xcassets */ = {isa = PBXFileReference; lastKnownFileType = folder.assetcatalog; path = Assets.xcassets; sourceTree = "<group>"; };
		1A35C66F26C5B9860054456D /* Base */ = {isa = PBXFileReference; lastKnownFileType = file.storyboard; name = Base; path = Base.lproj/LaunchScreen.storyboard; sourceTree = "<group>"; };
		1A35C67126C5B9860054456D /* Info.plist */ = {isa = PBXFileReference; lastKnownFileType = text.plist.xml; path = Info.plist; sourceTree = "<group>"; };
		1A52A6A726D8A35800C5A912 /* MyGroupsTableViewController.swift */ = {isa = PBXFileReference; lastKnownFileType = sourcecode.swift; path = MyGroupsTableViewController.swift; sourceTree = "<group>"; };
		1A52A6A926D8A36F00C5A912 /* AllGroupsTableViewController.swift */ = {isa = PBXFileReference; lastKnownFileType = sourcecode.swift; path = AllGroupsTableViewController.swift; sourceTree = "<group>"; };
		1A55C8E3271B6E99009161DC /* Double + Ext.swift */ = {isa = PBXFileReference; lastKnownFileType = sourcecode.swift; path = "Double + Ext.swift"; sourceTree = "<group>"; };
		1A55C8E5271B7F33009161DC /* City.swift */ = {isa = PBXFileReference; lastKnownFileType = sourcecode.swift; path = City.swift; sourceTree = "<group>"; };
		1A6CE40826E0B9EB0030EE50 /* AvatarImageView.swift */ = {isa = PBXFileReference; lastKnownFileType = sourcecode.swift; path = AvatarImageView.swift; sourceTree = "<group>"; };
		1A6DE2DC2714F5D40089C967 /* VKResponse.swift */ = {isa = PBXFileReference; lastKnownFileType = sourcecode.swift; path = VKResponse.swift; sourceTree = "<group>"; };
		1A74C34826F36B33002BAD2A /* HeaderCollectionReusableView.swift */ = {isa = PBXFileReference; lastKnownFileType = sourcecode.swift; path = HeaderCollectionReusableView.swift; sourceTree = "<group>"; };
		1A74C34A26F38F00002BAD2A /* FriendPhotoViewController.swift */ = {isa = PBXFileReference; lastKnownFileType = sourcecode.swift; path = FriendPhotoViewController.swift; sourceTree = "<group>"; };
		1A7A09E926D2A1240065C852 /* FriendsTableViewController.swift */ = {isa = PBXFileReference; lastKnownFileType = sourcecode.swift; path = FriendsTableViewController.swift; sourceTree = "<group>"; };
		1A7F5FCE26DC462F00B50E37 /* FriendTableViewCell.swift */ = {isa = PBXFileReference; lastKnownFileType = sourcecode.swift; path = FriendTableViewCell.swift; sourceTree = "<group>"; };
		1A926BBC26E5249B00D8B371 /* FriendLikeControl.swift */ = {isa = PBXFileReference; lastKnownFileType = sourcecode.swift; path = FriendLikeControl.swift; sourceTree = "<group>"; };
		1A93C04826EAA1C700386D50 /* Photo.swift */ = {isa = PBXFileReference; lastKnownFileType = sourcecode.swift; path = Photo.swift; sourceTree = "<group>"; };
		1A9D0AB726DAE83800EDD7FD /* AllGroupsTableViewCell.swift */ = {isa = PBXFileReference; lastKnownFileType = sourcecode.swift; path = AllGroupsTableViewCell.swift; sourceTree = "<group>"; };
		1A9D0ABD26DAFB4A00EDD7FD /* MyGroupsTableViewCell.swift */ = {isa = PBXFileReference; lastKnownFileType = sourcecode.swift; path = MyGroupsTableViewCell.swift; sourceTree = "<group>"; };
		1AA48538270904F5008E6673 /* Session.swift */ = {isa = PBXFileReference; lastKnownFileType = sourcecode.swift; path = Session.swift; sourceTree = "<group>"; };
		1ABC351726D6D7EF0086B441 /* Community.swift */ = {isa = PBXFileReference; lastKnownFileType = sourcecode.swift; path = Community.swift; sourceTree = "<group>"; };
		1ABC352526D70AE10086B441 /* FriendPhotoCollectionViewCell.swift */ = {isa = PBXFileReference; lastKnownFileType = sourcecode.swift; path = FriendPhotoCollectionViewCell.swift; sourceTree = "<group>"; };
		1ABC352726D70C580086B441 /* FriendPhotoCollectionViewController.swift */ = {isa = PBXFileReference; lastKnownFileType = sourcecode.swift; path = FriendPhotoCollectionViewController.swift; sourceTree = "<group>"; };
		1ACD58C62745BC0400648A31 /* UIColor + Ext.swift */ = {isa = PBXFileReference; lastKnownFileType = sourcecode.swift; path = "UIColor + Ext.swift"; sourceTree = "<group>"; };
		1ADACF3D26ED2EB0005E1FE7 /* News.swift */ = {isa = PBXFileReference; lastKnownFileType = sourcecode.swift; path = News.swift; sourceTree = "<group>"; };
		1ADACF3F26ED5DE1005E1FE7 /* NewsTableViewCell.swift */ = {isa = PBXFileReference; lastKnownFileType = sourcecode.swift; path = NewsTableViewCell.swift; sourceTree = "<group>"; };
		1ADACF4126ED6CD1005E1FE7 /* NewsTableViewController.swift */ = {isa = PBXFileReference; lastKnownFileType = sourcecode.swift; path = NewsTableViewController.swift; sourceTree = "<group>"; };
		1ADACF4326ED88E5005E1FE7 /* TrueScalePhotoImageView.swift */ = {isa = PBXFileReference; lastKnownFileType = sourcecode.swift; path = TrueScalePhotoImageView.swift; sourceTree = "<group>"; };
		1ADACF4A26ED9DB1005E1FE7 /* NewsShareControl.swift */ = {isa = PBXFileReference; lastKnownFileType = sourcecode.swift; path = NewsShareControl.swift; sourceTree = "<group>"; };
		1ADACF5026EDA960005E1FE7 /* NewsLikeControl.swift */ = {isa = PBXFileReference; lastKnownFileType = sourcecode.swift; path = NewsLikeControl.swift; sourceTree = "<group>"; };
		1ADACF5626EDB46C005E1FE7 /* NewsCommentControl.swift */ = {isa = PBXFileReference; lastKnownFileType = sourcecode.swift; path = NewsCommentControl.swift; sourceTree = "<group>"; };
		1AE0D151271DB6A000184CEC /* RealmService.swift */ = {isa = PBXFileReference; lastKnownFileType = sourcecode.swift; path = RealmService.swift; sourceTree = "<group>"; };
		1AFF9A44274479B100F7C18C /* NewsHeaderView.swift */ = {isa = PBXFileReference; lastKnownFileType = sourcecode.swift; path = NewsHeaderView.swift; sourceTree = "<group>"; };
/* End PBXFileReference section */

/* Begin PBXFrameworksBuildPhase section */
		1A35C65D26C5B9850054456D /* Frameworks */ = {
			isa = PBXFrameworksBuildPhase;
			buildActionMask = 2147483647;
			files = (
				1AF66A7A271C170F0067488F /* RealmSwift in Frameworks */,
				1AF66A78271C170F0067488F /* Realm in Frameworks */,
				1A6DE2E02715D3920089C967 /* Nuke in Frameworks */,
			);
			runOnlyForDeploymentPostprocessing = 0;
		};
/* End PBXFrameworksBuildPhase section */

/* Begin PBXGroup section */
		1A05771926EDCF5C00251437 /* News */ = {
			isa = PBXGroup;
			children = (
				1ADACF5026EDA960005E1FE7 /* NewsLikeControl.swift */,
				1ADACF5626EDB46C005E1FE7 /* NewsCommentControl.swift */,
				1ADACF4A26ED9DB1005E1FE7 /* NewsShareControl.swift */,
			);
			path = News;
			sourceTree = "<group>";
		};
		1A1AF35726F16A1F001E1CE8 /* Extensions */ = {
			isa = PBXGroup;
			children = (
				1A1AF35826F16A36001E1CE8 /* HideKeyboard.swift */,
				1A55C8E3271B6E99009161DC /* Double + Ext.swift */,
				1ACD58C62745BC0400648A31 /* UIColor + Ext.swift */,
			);
			path = Extensions;
			sourceTree = "<group>";
		};
		1A1AF35A26F276A2001E1CE8 /* News */ = {
			isa = PBXGroup;
			children = (
				1ADACF4126ED6CD1005E1FE7 /* NewsTableViewController.swift */,
			);
			path = News;
			sourceTree = "<group>";
		};
		1A23241526D579BD00B2E43C /* Model */ = {
			isa = PBXGroup;
			children = (
				1A55C8E5271B7F33009161DC /* City.swift */,
				1A23241626D5816700B2E43C /* User.swift */,
				1ABC351726D6D7EF0086B441 /* Community.swift */,
				1ADACF3D26ED2EB0005E1FE7 /* News.swift */,
				1A93C04826EAA1C700386D50 /* Photo.swift */,
				1AA48538270904F5008E6673 /* Session.swift */,
				1A6DE2DC2714F5D40089C967 /* VKResponse.swift */,
			);
			path = Model;
			sourceTree = "<group>";
		};
		1A35C65726C5B9850054456D = {
			isa = PBXGroup;
			children = (
				1A35C66226C5B9850054456D /* fakeVKapp */,
				1A35C66126C5B9850054456D /* Products */,
			);
			sourceTree = "<group>";
		};
		1A35C66126C5B9850054456D /* Products */ = {
			isa = PBXGroup;
			children = (
				1A35C66026C5B9850054456D /* fakeVKapp.app */,
			);
			name = Products;
			sourceTree = "<group>";
		};
		1A35C66226C5B9850054456D /* fakeVKapp */ = {
			isa = PBXGroup;
			children = (
				1A1AF35726F16A1F001E1CE8 /* Extensions */,
				1A35C66326C5B9860054456D /* AppDelegate.swift */,
				1A35C66526C5B9860054456D /* SceneDelegate.swift */,
				1A93C04D26EAD9F300386D50 /* Service */,
				1A7A09E726D2A0900065C852 /* Controllers */,
				1A926BBB26E5244700D8B371 /* Controls */,
				1A23241526D579BD00B2E43C /* Model */,
				1ABC351626D6D76B0086B441 /* Reuse */,
				1A74C34C26F3E005002BAD2A /* View */,
				1A35C66926C5B9860054456D /* Main.storyboard */,
				1A35C66E26C5B9860054456D /* LaunchScreen.storyboard */,
				1A35C66C26C5B9860054456D /* Assets.xcassets */,
				1A35C67126C5B9860054456D /* Info.plist */,
			);
			path = fakeVKapp;
			sourceTree = "<group>";
		};
		1A74C34C26F3E005002BAD2A /* View */ = {
			isa = PBXGroup;
			children = (
				1ADACF4326ED88E5005E1FE7 /* TrueScalePhotoImageView.swift */,
				1A6CE40826E0B9EB0030EE50 /* AvatarImageView.swift */,
				1A74C34826F36B33002BAD2A /* HeaderCollectionReusableView.swift */,
			);
			path = View;
			sourceTree = "<group>";
		};
		1A7A09E726D2A0900065C852 /* Controllers */ = {
			isa = PBXGroup;
			children = (
				1A1AF35B26F2877F001E1CE8 /* LoadingViewController.swift */,
				1A35C66726C5B9860054456D /* LoginViewController.swift */,
				1A17D3E2270B9F4900E3BD02 /* VKLoginController.swift */,
				1ADACF4626ED8ED6005E1FE7 /* Groups */,
				1ADACF4526ED8ECB005E1FE7 /* Friends */,
				1A1AF35A26F276A2001E1CE8 /* News */,
			);
			path = Controllers;
			sourceTree = "<group>";
		};
		1A926BBB26E5244700D8B371 /* Controls */ = {
			isa = PBXGroup;
			children = (
				1A05771926EDCF5C00251437 /* News */,
				1A926BBC26E5249B00D8B371 /* FriendLikeControl.swift */,
			);
			path = Controls;
			sourceTree = "<group>";
		};
		1A93C04D26EAD9F300386D50 /* Service */ = {
			isa = PBXGroup;
			children = (
				1A17D3E4270BA9DC00E3BD02 /* NetworkService.swift */,
				1AE0D151271DB6A000184CEC /* RealmService.swift */,
			);
			path = Service;
			sourceTree = "<group>";
		};
		1ABC351626D6D76B0086B441 /* Reuse */ = {
			isa = PBXGroup;
			children = (
				1ADACF4726ED8EE5005E1FE7 /* Friends */,
				1ADACF4826ED8EEE005E1FE7 /* Groups */,
				1ADACF4926ED8EF8005E1FE7 /* News */,
			);
			path = Reuse;
			sourceTree = "<group>";
		};
		1ADACF4526ED8ECB005E1FE7 /* Friends */ = {
			isa = PBXGroup;
			children = (
				1A7A09E926D2A1240065C852 /* FriendsTableViewController.swift */,
				1ABC352726D70C580086B441 /* FriendPhotoCollectionViewController.swift */,
				1A74C34A26F38F00002BAD2A /* FriendPhotoViewController.swift */,
			);
			path = Friends;
			sourceTree = "<group>";
		};
		1ADACF4626ED8ED6005E1FE7 /* Groups */ = {
			isa = PBXGroup;
			children = (
				1A52A6A726D8A35800C5A912 /* MyGroupsTableViewController.swift */,
				1A52A6A926D8A36F00C5A912 /* AllGroupsTableViewController.swift */,
			);
			path = Groups;
			sourceTree = "<group>";
		};
		1ADACF4726ED8EE5005E1FE7 /* Friends */ = {
			isa = PBXGroup;
			children = (
				1A7F5FCE26DC462F00B50E37 /* FriendTableViewCell.swift */,
				1ABC352526D70AE10086B441 /* FriendPhotoCollectionViewCell.swift */,
			);
			path = Friends;
			sourceTree = "<group>";
		};
		1ADACF4826ED8EEE005E1FE7 /* Groups */ = {
			isa = PBXGroup;
			children = (
				1A9D0ABD26DAFB4A00EDD7FD /* MyGroupsTableViewCell.swift */,
				1A9D0AB726DAE83800EDD7FD /* AllGroupsTableViewCell.swift */,
			);
			path = Groups;
			sourceTree = "<group>";
		};
		1ADACF4926ED8EF8005E1FE7 /* News */ = {
			isa = PBXGroup;
			children = (
				1ADACF3F26ED5DE1005E1FE7 /* NewsTableViewCell.swift */,
				1A1A0D6D274317E900ED5D80 /* NewsFooterView.swift */,
				1AFF9A44274479B100F7C18C /* NewsHeaderView.swift */,
			);
			path = News;
			sourceTree = "<group>";
		};
/* End PBXGroup section */

/* Begin PBXNativeTarget section */
		1A35C65F26C5B9850054456D /* fakeVKapp */ = {
			isa = PBXNativeTarget;
			buildConfigurationList = 1A35C67426C5B9860054456D /* Build configuration list for PBXNativeTarget "fakeVKapp" */;
			buildPhases = (
				1A35C65C26C5B9850054456D /* Sources */,
				1A35C65D26C5B9850054456D /* Frameworks */,
				1A35C65E26C5B9850054456D /* Resources */,
			);
			buildRules = (
			);
			dependencies = (
			);
			name = fakeVKapp;
			packageProductDependencies = (
				1A6DE2DF2715D3920089C967 /* Nuke */,
				1AF66A77271C170F0067488F /* Realm */,
				1AF66A79271C170F0067488F /* RealmSwift */,
			);
			productName = fakeVKapp;
			productReference = 1A35C66026C5B9850054456D /* fakeVKapp.app */;
			productType = "com.apple.product-type.application";
		};
/* End PBXNativeTarget section */

/* Begin PBXProject section */
		1A35C65826C5B9850054456D /* Project object */ = {
			isa = PBXProject;
			attributes = {
				LastSwiftUpdateCheck = 1250;
				LastUpgradeCheck = 1250;
				TargetAttributes = {
					1A35C65F26C5B9850054456D = {
						CreatedOnToolsVersion = 12.5.1;
					};
				};
			};
			buildConfigurationList = 1A35C65B26C5B9850054456D /* Build configuration list for PBXProject "fakeVKapp" */;
			compatibilityVersion = "Xcode 9.3";
			developmentRegion = en;
			hasScannedForEncodings = 0;
			knownRegions = (
				en,
				Base,
			);
			mainGroup = 1A35C65726C5B9850054456D;
			packageReferences = (
				1A6DE2DE2715D3920089C967 /* XCRemoteSwiftPackageReference "Nuke" */,
				1AF66A76271C170F0067488F /* XCRemoteSwiftPackageReference "realm-cocoa" */,
			);
			productRefGroup = 1A35C66126C5B9850054456D /* Products */;
			projectDirPath = "";
			projectRoot = "";
			targets = (
				1A35C65F26C5B9850054456D /* fakeVKapp */,
			);
		};
/* End PBXProject section */

/* Begin PBXResourcesBuildPhase section */
		1A35C65E26C5B9850054456D /* Resources */ = {
			isa = PBXResourcesBuildPhase;
			buildActionMask = 2147483647;
			files = (
				1A35C67026C5B9860054456D /* LaunchScreen.storyboard in Resources */,
				1A35C66D26C5B9860054456D /* Assets.xcassets in Resources */,
				1A35C66B26C5B9860054456D /* Main.storyboard in Resources */,
			);
			runOnlyForDeploymentPostprocessing = 0;
		};
/* End PBXResourcesBuildPhase section */

/* Begin PBXSourcesBuildPhase section */
		1A35C65C26C5B9850054456D /* Sources */ = {
			isa = PBXSourcesBuildPhase;
			buildActionMask = 2147483647;
			files = (
				1A35C66826C5B9860054456D /* LoginViewController.swift in Sources */,
				1A35C66426C5B9860054456D /* AppDelegate.swift in Sources */,
				1ADACF5126EDA960005E1FE7 /* NewsLikeControl.swift in Sources */,
				1ADACF4B26ED9DB1005E1FE7 /* NewsShareControl.swift in Sources */,
				1AFF9A45274479B100F7C18C /* NewsHeaderView.swift in Sources */,
				1ABC351826D6D7EF0086B441 /* Community.swift in Sources */,
				1A9D0ABF26DAFB4A00EDD7FD /* MyGroupsTableViewCell.swift in Sources */,
				1ADACF4226ED6CD1005E1FE7 /* NewsTableViewController.swift in Sources */,
				1AE0D152271DB6A000184CEC /* RealmService.swift in Sources */,
				1A1AF35C26F2877F001E1CE8 /* LoadingViewController.swift in Sources */,
				1A74C34B26F38F00002BAD2A /* FriendPhotoViewController.swift in Sources */,
				1A1AF35926F16A36001E1CE8 /* HideKeyboard.swift in Sources */,
				1A55C8E6271B7F33009161DC /* City.swift in Sources */,
				1A7A09EA26D2A1240065C852 /* FriendsTableViewController.swift in Sources */,
				1A6CE40926E0B9EB0030EE50 /* AvatarImageView.swift in Sources */,
				1ACD58C72745BC0400648A31 /* UIColor + Ext.swift in Sources */,
				1ABC352626D70AE10086B441 /* FriendPhotoCollectionViewCell.swift in Sources */,
				1A52A6A826D8A35800C5A912 /* MyGroupsTableViewController.swift in Sources */,
				1ADACF4426ED88E5005E1FE7 /* TrueScalePhotoImageView.swift in Sources */,
				1ADACF4026ED5DE1005E1FE7 /* NewsTableViewCell.swift in Sources */,
				1A17D3E3270B9F4900E3BD02 /* VKLoginController.swift in Sources */,
				1A52A6AA26D8A36F00C5A912 /* AllGroupsTableViewController.swift in Sources */,
				1A1A0D6E274317E900ED5D80 /* NewsFooterView.swift in Sources */,
				1ABC352826D70C580086B441 /* FriendPhotoCollectionViewController.swift in Sources */,
				1A926BBD26E5249B00D8B371 /* FriendLikeControl.swift in Sources */,
				1AA48539270904F5008E6673 /* Session.swift in Sources */,
				1A6DE2DD2714F5D40089C967 /* VKResponse.swift in Sources */,
				1A55C8E4271B6E99009161DC /* Double + Ext.swift in Sources */,
				1A17D3E5270BA9DC00E3BD02 /* NetworkService.swift in Sources */,
				1A74C34926F36B33002BAD2A /* HeaderCollectionReusableView.swift in Sources */,
				1A93C04926EAA1C700386D50 /* Photo.swift in Sources */,
				1A35C66626C5B9860054456D /* SceneDelegate.swift in Sources */,
				1A23241726D5816700B2E43C /* User.swift in Sources */,
				1A7F5FCF26DC462F00B50E37 /* FriendTableViewCell.swift in Sources */,
				1ADACF3E26ED2EB0005E1FE7 /* News.swift in Sources */,
				1ADACF5726EDB46C005E1FE7 /* NewsCommentControl.swift in Sources */,
				1A9D0AB926DAE83800EDD7FD /* AllGroupsTableViewCell.swift in Sources */,
			);
			runOnlyForDeploymentPostprocessing = 0;
		};
/* End PBXSourcesBuildPhase section */

/* Begin PBXVariantGroup section */
		1A35C66926C5B9860054456D /* Main.storyboard */ = {
			isa = PBXVariantGroup;
			children = (
				1A35C66A26C5B9860054456D /* Base */,
			);
			name = Main.storyboard;
			sourceTree = "<group>";
		};
		1A35C66E26C5B9860054456D /* LaunchScreen.storyboard */ = {
			isa = PBXVariantGroup;
			children = (
				1A35C66F26C5B9860054456D /* Base */,
			);
			name = LaunchScreen.storyboard;
			sourceTree = "<group>";
		};
/* End PBXVariantGroup section */

/* Begin XCBuildConfiguration section */
		1A35C67226C5B9860054456D /* Debug */ = {
			isa = XCBuildConfiguration;
			buildSettings = {
				ALWAYS_SEARCH_USER_PATHS = NO;
				CLANG_ANALYZER_NONNULL = YES;
				CLANG_ANALYZER_NUMBER_OBJECT_CONVERSION = YES_AGGRESSIVE;
				CLANG_CXX_LANGUAGE_STANDARD = "gnu++14";
				CLANG_CXX_LIBRARY = "libc++";
				CLANG_ENABLE_MODULES = YES;
				CLANG_ENABLE_OBJC_ARC = YES;
				CLANG_ENABLE_OBJC_WEAK = YES;
				CLANG_WARN_BLOCK_CAPTURE_AUTORELEASING = YES;
				CLANG_WARN_BOOL_CONVERSION = YES;
				CLANG_WARN_COMMA = YES;
				CLANG_WARN_CONSTANT_CONVERSION = YES;
				CLANG_WARN_DEPRECATED_OBJC_IMPLEMENTATIONS = YES;
				CLANG_WARN_DIRECT_OBJC_ISA_USAGE = YES_ERROR;
				CLANG_WARN_DOCUMENTATION_COMMENTS = YES;
				CLANG_WARN_EMPTY_BODY = YES;
				CLANG_WARN_ENUM_CONVERSION = YES;
				CLANG_WARN_INFINITE_RECURSION = YES;
				CLANG_WARN_INT_CONVERSION = YES;
				CLANG_WARN_NON_LITERAL_NULL_CONVERSION = YES;
				CLANG_WARN_OBJC_IMPLICIT_RETAIN_SELF = YES;
				CLANG_WARN_OBJC_LITERAL_CONVERSION = YES;
				CLANG_WARN_OBJC_ROOT_CLASS = YES_ERROR;
				CLANG_WARN_QUOTED_INCLUDE_IN_FRAMEWORK_HEADER = YES;
				CLANG_WARN_RANGE_LOOP_ANALYSIS = YES;
				CLANG_WARN_STRICT_PROTOTYPES = YES;
				CLANG_WARN_SUSPICIOUS_MOVE = YES;
				CLANG_WARN_UNGUARDED_AVAILABILITY = YES_AGGRESSIVE;
				CLANG_WARN_UNREACHABLE_CODE = YES;
				CLANG_WARN__DUPLICATE_METHOD_MATCH = YES;
				COPY_PHASE_STRIP = NO;
				DEBUG_INFORMATION_FORMAT = dwarf;
				ENABLE_STRICT_OBJC_MSGSEND = YES;
				ENABLE_TESTABILITY = YES;
				GCC_C_LANGUAGE_STANDARD = gnu11;
				GCC_DYNAMIC_NO_PIC = NO;
				GCC_NO_COMMON_BLOCKS = YES;
				GCC_OPTIMIZATION_LEVEL = 0;
				GCC_PREPROCESSOR_DEFINITIONS = (
					"DEBUG=1",
					"$(inherited)",
				);
				GCC_WARN_64_TO_32_BIT_CONVERSION = YES;
				GCC_WARN_ABOUT_RETURN_TYPE = YES_ERROR;
				GCC_WARN_UNDECLARED_SELECTOR = YES;
				GCC_WARN_UNINITIALIZED_AUTOS = YES_AGGRESSIVE;
				GCC_WARN_UNUSED_FUNCTION = YES;
				GCC_WARN_UNUSED_VARIABLE = YES;
				IPHONEOS_DEPLOYMENT_TARGET = 14.5;
				MTL_ENABLE_DEBUG_INFO = INCLUDE_SOURCE;
				MTL_FAST_MATH = YES;
				ONLY_ACTIVE_ARCH = YES;
				SDKROOT = iphoneos;
				SWIFT_ACTIVE_COMPILATION_CONDITIONS = DEBUG;
				SWIFT_OPTIMIZATION_LEVEL = "-Onone";
			};
			name = Debug;
		};
		1A35C67326C5B9860054456D /* Release */ = {
			isa = XCBuildConfiguration;
			buildSettings = {
				ALWAYS_SEARCH_USER_PATHS = NO;
				CLANG_ANALYZER_NONNULL = YES;
				CLANG_ANALYZER_NUMBER_OBJECT_CONVERSION = YES_AGGRESSIVE;
				CLANG_CXX_LANGUAGE_STANDARD = "gnu++14";
				CLANG_CXX_LIBRARY = "libc++";
				CLANG_ENABLE_MODULES = YES;
				CLANG_ENABLE_OBJC_ARC = YES;
				CLANG_ENABLE_OBJC_WEAK = YES;
				CLANG_WARN_BLOCK_CAPTURE_AUTORELEASING = YES;
				CLANG_WARN_BOOL_CONVERSION = YES;
				CLANG_WARN_COMMA = YES;
				CLANG_WARN_CONSTANT_CONVERSION = YES;
				CLANG_WARN_DEPRECATED_OBJC_IMPLEMENTATIONS = YES;
				CLANG_WARN_DIRECT_OBJC_ISA_USAGE = YES_ERROR;
				CLANG_WARN_DOCUMENTATION_COMMENTS = YES;
				CLANG_WARN_EMPTY_BODY = YES;
				CLANG_WARN_ENUM_CONVERSION = YES;
				CLANG_WARN_INFINITE_RECURSION = YES;
				CLANG_WARN_INT_CONVERSION = YES;
				CLANG_WARN_NON_LITERAL_NULL_CONVERSION = YES;
				CLANG_WARN_OBJC_IMPLICIT_RETAIN_SELF = YES;
				CLANG_WARN_OBJC_LITERAL_CONVERSION = YES;
				CLANG_WARN_OBJC_ROOT_CLASS = YES_ERROR;
				CLANG_WARN_QUOTED_INCLUDE_IN_FRAMEWORK_HEADER = YES;
				CLANG_WARN_RANGE_LOOP_ANALYSIS = YES;
				CLANG_WARN_STRICT_PROTOTYPES = YES;
				CLANG_WARN_SUSPICIOUS_MOVE = YES;
				CLANG_WARN_UNGUARDED_AVAILABILITY = YES_AGGRESSIVE;
				CLANG_WARN_UNREACHABLE_CODE = YES;
				CLANG_WARN__DUPLICATE_METHOD_MATCH = YES;
				COPY_PHASE_STRIP = NO;
				DEBUG_INFORMATION_FORMAT = "dwarf-with-dsym";
				ENABLE_NS_ASSERTIONS = NO;
				ENABLE_STRICT_OBJC_MSGSEND = YES;
				GCC_C_LANGUAGE_STANDARD = gnu11;
				GCC_NO_COMMON_BLOCKS = YES;
				GCC_WARN_64_TO_32_BIT_CONVERSION = YES;
				GCC_WARN_ABOUT_RETURN_TYPE = YES_ERROR;
				GCC_WARN_UNDECLARED_SELECTOR = YES;
				GCC_WARN_UNINITIALIZED_AUTOS = YES_AGGRESSIVE;
				GCC_WARN_UNUSED_FUNCTION = YES;
				GCC_WARN_UNUSED_VARIABLE = YES;
				IPHONEOS_DEPLOYMENT_TARGET = 14.5;
				MTL_ENABLE_DEBUG_INFO = NO;
				MTL_FAST_MATH = YES;
				SDKROOT = iphoneos;
				SWIFT_COMPILATION_MODE = wholemodule;
				SWIFT_OPTIMIZATION_LEVEL = "-O";
				VALIDATE_PRODUCT = YES;
			};
			name = Release;
		};
		1A35C67526C5B9860054456D /* Debug */ = {
			isa = XCBuildConfiguration;
			buildSettings = {
				ASSETCATALOG_COMPILER_APPICON_NAME = AppIcon;
				ASSETCATALOG_COMPILER_GLOBAL_ACCENT_COLOR_NAME = AccentColor;
				CODE_SIGN_STYLE = Automatic;
				DEVELOPMENT_TEAM = 385846QHH8;
				INFOPLIST_FILE = fakeVKapp/Info.plist;
				LD_RUNPATH_SEARCH_PATHS = (
					"$(inherited)",
					"@executable_path/Frameworks",
				);
				PRODUCT_BUNDLE_IDENTIFIER = gb.yggene.fakeVKapp;
				PRODUCT_NAME = "$(TARGET_NAME)";
				SWIFT_VERSION = 5.0;
				TARGETED_DEVICE_FAMILY = "1,2";
			};
			name = Debug;
		};
		1A35C67626C5B9860054456D /* Release */ = {
			isa = XCBuildConfiguration;
			buildSettings = {
				ASSETCATALOG_COMPILER_APPICON_NAME = AppIcon;
				ASSETCATALOG_COMPILER_GLOBAL_ACCENT_COLOR_NAME = AccentColor;
				CODE_SIGN_STYLE = Automatic;
				DEVELOPMENT_TEAM = 385846QHH8;
				INFOPLIST_FILE = fakeVKapp/Info.plist;
				LD_RUNPATH_SEARCH_PATHS = (
					"$(inherited)",
					"@executable_path/Frameworks",
				);
				PRODUCT_BUNDLE_IDENTIFIER = gb.yggene.fakeVKapp;
				PRODUCT_NAME = "$(TARGET_NAME)";
				SWIFT_VERSION = 5.0;
				TARGETED_DEVICE_FAMILY = "1,2";
			};
			name = Release;
		};
/* End XCBuildConfiguration section */

/* Begin XCConfigurationList section */
		1A35C65B26C5B9850054456D /* Build configuration list for PBXProject "fakeVKapp" */ = {
			isa = XCConfigurationList;
			buildConfigurations = (
				1A35C67226C5B9860054456D /* Debug */,
				1A35C67326C5B9860054456D /* Release */,
			);
			defaultConfigurationIsVisible = 0;
			defaultConfigurationName = Release;
		};
		1A35C67426C5B9860054456D /* Build configuration list for PBXNativeTarget "fakeVKapp" */ = {
			isa = XCConfigurationList;
			buildConfigurations = (
				1A35C67526C5B9860054456D /* Debug */,
				1A35C67626C5B9860054456D /* Release */,
			);
			defaultConfigurationIsVisible = 0;
			defaultConfigurationName = Release;
		};
/* End XCConfigurationList section */

/* Begin XCRemoteSwiftPackageReference section */
		1A6DE2DE2715D3920089C967 /* XCRemoteSwiftPackageReference "Nuke" */ = {
			isa = XCRemoteSwiftPackageReference;
			repositoryURL = "https://github.com/kean/Nuke.git";
			requirement = {
				branch = master;
				kind = branch;
			};
		};
		1AF66A76271C170F0067488F /* XCRemoteSwiftPackageReference "realm-cocoa" */ = {
			isa = XCRemoteSwiftPackageReference;
			repositoryURL = "https://github.com/realm/realm-cocoa.git";
			requirement = {
				kind = exactVersion;
				version = 10.17.0;
			};
		};
/* End XCRemoteSwiftPackageReference section */

/* Begin XCSwiftPackageProductDependency section */
		1A6DE2DF2715D3920089C967 /* Nuke */ = {
			isa = XCSwiftPackageProductDependency;
			package = 1A6DE2DE2715D3920089C967 /* XCRemoteSwiftPackageReference "Nuke" */;
			productName = Nuke;
		};
		1AF66A77271C170F0067488F /* Realm */ = {
			isa = XCSwiftPackageProductDependency;
			package = 1AF66A76271C170F0067488F /* XCRemoteSwiftPackageReference "realm-cocoa" */;
			productName = Realm;
		};
		1AF66A79271C170F0067488F /* RealmSwift */ = {
			isa = XCSwiftPackageProductDependency;
			package = 1AF66A76271C170F0067488F /* XCRemoteSwiftPackageReference "realm-cocoa" */;
			productName = RealmSwift;
		};
/* End XCSwiftPackageProductDependency section */
	};
	rootObject = 1A35C65826C5B9850054456D /* Project object */;
}
